{
  "version": 2,
  "dependencies": {
    "net10.0": {
      "CSharpFunctionalExtensions": {
        "type": "Direct",
        "requested": "[3.7.0, )",
        "resolved": "3.7.0",
        "contentHash": "eMZp8tc88O96eEFutiIskF3LE8lFY3fjbNRGfNa1ca0CD9sB8A00r5ltyYDih/7UFdJdVbhVq7tGeHI8xj6DlQ=="
      },
      "Enums.NET": {
        "type": "Direct",
        "requested": "[5.0.0, )",
        "resolved": "5.0.0",
        "contentHash": "NfGq1iLJZ15XZPgBhjk4Ns1XZ+beaGk6cog6B4LxcROdGoSMdgCJqYXF70P6VTd3dz/vFRY4h1u1lAMqW/DC2w=="
      },
      "Kentico.Xperience.WebApp": {
        "type": "Direct",
        "requested": "[31.4.2, )",
        "resolved": "31.4.2",
        "contentHash": "KjxNFK8rR8cLht09iNq/080lGpNQHq3+FHw2uS1XGOe31e1qy0Vgzpskt5tatB/07WZJOPRvc7JOri5Dm910Ow==",
        "dependencies": {
          "CommandLineParser": "2.9.1",
          "HotChocolate.AspNetCore": "15.1.14",
          "HotChocolate.Data": "15.1.14",
          "HtmlSanitizer": "9.0.892",
          "Kentico.Xperience.Core": "[31.4.2]",
          "Microsoft.AspNetCore.Components": "8.0.25",
          "Microsoft.Extensions.Caching.Memory": "8.0.1",
          "Microsoft.Extensions.FileProviders.Embedded": "8.0.25"
        }
      },
      "MailKit": {
        "type": "Direct",
        "requested": "[4.16.0, )",
        "resolved": "4.16.0",
        "contentHash": "trJ82DOpAmo8i1jO1vNE+dGn4mPRyeYfy4swRcAGgMJhPoI1Kohf4OFJJf0+YIj4iUxgxPn8W+ht7e7KiYzSjg==",
        "dependencies": {
          "MimeKit": "4.16.0"
        }
      },
      "MediatR": {
        "type": "Direct",
        "requested": "[12.5.0, )",
        "resolved": "12.5.0",
        "contentHash": "vqm2H8/nqL5NAJHPhsG1JOPwfkmbVrPyh4svdoRzu+uZh6Ex7PRoHBGsLYC0/RWCEJFqD1ohHNpteQvql9OktA==",
        "dependencies": {
          "MediatR.Contracts": "[2.0.1, 3.0.0)",
          "Microsoft.Extensions.DependencyInjection.Abstractions": "8.0.0"
        }
      },
      "System.Linq.Async": {
        "type": "Direct",
        "requested": "[7.0.1, )",
        "resolved": "7.0.1",
        "contentHash": "gwQtBHVY/WgqWgAYSe4JspXR+f1FvMbVIW4ixsJpGV/Kj8Nun3zp1ajIdvCWfmac8ektJGVLiJ/OR8JU9nZnMg==",
        "dependencies": {
          "System.Interactive.Async": "7.0.1"
        }
      },
      "AngleSharp.Css": {
        "type": "Transitive",
        "resolved": "0.17.0",
        "contentHash": "bg0AcugmX6BFEi/DHG61QrwRU8iuiX4H8LZehdIzYdqOM/dgb3BsCTzNIcc1XADn4+xfQEdVwJYTSwUxroL4vg==",
        "dependencies": {
          "AngleSharp": "[0.17.0, 0.18.0)"
        }
      },
      "Azure.Core": {
        "type": "Transitive",
        "resolved": "1.47.1",
        "contentHash": "oPcncSsDHuxB8SC522z47xbp2+ttkcKv2YZ90KXhRKN0YQd2+7l1UURT9EBzUNEXtkLZUOAB5xbByMTrYRh3yA==",
        "dependencies": {
          "Microsoft.Bcl.AsyncInterfaces": "8.0.0",
          "System.ClientModel": "1.5.1",
          "System.Memory.Data": "8.0.1"
        }
      },
      "Azure.Identity": {
        "type": "Transitive",
        "resolved": "1.11.4",
        "contentHash": "Sf4BoE6Q3jTgFkgBkx7qztYOFELBCo+wQgpYDwal/qJ1unBH73ywPztIJKXBXORRzAeNijsuxhk94h0TIMvfYg==",
        "dependencies": {
          "Azure.Core": "1.38.0",
          "Microsoft.Identity.Client": "4.61.3",
          "Microsoft.Identity.Client.Extensions.Msal": "4.61.3",
          "System.Security.Cryptography.ProtectedData": "4.7.0"
        }
      },
      "BouncyCastle.Cryptography": {
        "type": "Transitive",
        "resolved": "2.6.2",
        "contentHash": "7oWOcvnntmMKNzDLsdxAYqApt+AjpRpP2CShjMfIa3umZ42UQMvH0tl1qAliYPNYO6vTdcGMqnRrCPmsfzTI1w=="
      },
      "ChilliCream.Nitro.App": {
        "type": "Transitive",
        "resolved": "28.0.7",
        "contentHash": "G6CZod8ForeoVMXigRyAxTTqiiUYcppE85UY/zy4XLMunpF1Ginn5njWK+F+93bw3x5SssPR/fexEpOtQqkVLw==",
        "dependencies": {
          "Yarp.ReverseProxy": "2.3.0"
        }
      },
      "CommandLineParser": {
        "type": "Transitive",
        "resolved": "2.9.1",
        "contentHash": "OE0sl1/sQ37bjVsPKKtwQlWDgqaxWgtme3xZz7JssWUzg5JpMIyHgCTY9MVMxOg48fJ1AgGT3tgdH5m/kQ5xhA=="
      },
      "GreenDonut": {
        "type": "Transitive",
        "resolved": "15.1.14",
        "contentHash": "AMHViEpQS8X95ol4ZPnBZlutlS3xEN1Ky9VzbhliMHmu4WM2lUAJoXH2jXZUKnqPvCPF9cNR2HMIsP8znetJTQ==",
        "dependencies": {
          "GreenDonut.Abstractions": "15.1.14",
          "Microsoft.Extensions.DependencyInjection.Abstractions": "9.0.2",
          "Microsoft.Extensions.ObjectPool": "9.0.2"
        }
      },
      "GreenDonut.Abstractions": {
        "type": "Transitive",
        "resolved": "15.1.14",
        "contentHash": "F1nHREDKAFoneIr/xkJ4P0+mM4gmH0gVumEXwtgCJVd1xFd8qL3NJllZSZbAfgy2rKA6jInxjnwKABsgzC5RRw=="
      },
      "GreenDonut.Data": {
        "type": "Transitive",
        "resolved": "15.1.14",
        "contentHash": "/CLW7froztnOOFczlJ8gWknPrHJZhUchLK56JaCUoBX42gR/2AHB5bYHhAYFJqIyJSEh6X1tCN8D9vMGJO2D0Q==",
        "dependencies": {
          "GreenDonut": "15.1.14",
          "GreenDonut.Data.Abstractions": "15.1.14"
        }
      },
      "GreenDonut.Data.Abstractions": {
        "type": "Transitive",
        "resolved": "15.1.14",
        "contentHash": "HfzEhLjcZzQ7OwgQjbQ2F9srAgquel3qx22ngTIlOXismYVCb92aHH570pGjxcUyQFTb5U2hPszbu+EI4ARRQA==",
        "dependencies": {
          "GreenDonut.Abstractions": "15.1.14",
          "GreenDonut.Data.Primitives": "15.1.14"
        }
      },
      "GreenDonut.Data.Primitives": {
        "type": "Transitive",
        "resolved": "15.1.14",
        "contentHash": "FW0ordLAF8gS1TvNt7Mn1N/nPlFAtDM5ocKwSDj4f0MLy8YTIRPkDdI4x9y6IMFctvcNiqGskuuQfJ4N4TtYnQ=="
      },
      "HotChocolate": {
        "type": "Transitive",
        "resolved": "15.1.14",
        "contentHash": "2UtWHtv2k/3FwRC4L9gdXkf9R9lhm1G/oN6w+zpXXVBeSHMoogPyqGeNTCYnDrG0+OyvhhP8vopWu9Ihd7dgAA==",
        "dependencies": {
          "HotChocolate.Authorization": "15.1.14",
          "HotChocolate.CostAnalysis": "15.1.14",
          "HotChocolate.Execution": "15.1.14",
          "HotChocolate.Execution.Projections": "15.1.14",
          "HotChocolate.Fetching": "15.1.14",
          "HotChocolate.Types": "15.1.14",
          "HotChocolate.Types.CursorPagination": "15.1.14",
          "HotChocolate.Types.CursorPagination.Extensions": "15.1.14",
          "HotChocolate.Types.Mutations": "15.1.14",
          "HotChocolate.Types.Queries": "15.1.14",
          "HotChocolate.Validation": "15.1.14"
        }
      },
      "HotChocolate.Abstractions": {
        "type": "Transitive",
        "resolved": "15.1.14",
        "contentHash": "QH+7voGEGpRIdYRPmxR/8ndSGqjm/Ci0LRdD3ceNWTmUBKIdCs7Bp+LC6Gou218uXlTbq6BzTkIPCcEpO75/XQ==",
        "dependencies": {
          "HotChocolate.Primitives": "15.1.14"
        }
      },
      "HotChocolate.AspNetCore": {
        "type": "Transitive",
        "resolved": "15.1.14",
        "contentHash": "GYiiExDXAK9dHXOsAWJGt3m2diQKG/YTFvhKX3LN3dDPl/9qz06m2f1hxhkOQFl7GCIubOvhMvoHQctqLSCoGQ==",
        "dependencies": {
          "ChilliCream.Nitro.App": "28.0.7",
          "HotChocolate": "15.1.14",
          "HotChocolate.Subscriptions.InMemory": "15.1.14",
          "HotChocolate.Transport.Sockets": "15.1.14",
          "HotChocolate.Types.Scalars.Upload": "15.1.14",
          "HotChocolate.Utilities.DependencyInjection": "15.1.14"
        }
      },
      "HotChocolate.Authorization": {
        "type": "Transitive",
        "resolved": "15.1.14",
        "contentHash": "pj1g7BTnwwK5fED72OMVh9rfsXX+F19qkYbrJDjazMNMchvVdoV63B3cR2Q6mhP5hNOkFI8vQSzbRCAoOSz1qQ==",
        "dependencies": {
          "HotChocolate.Execution": "15.1.14"
        }
      },
      "HotChocolate.CostAnalysis": {
        "type": "Transitive",
        "resolved": "15.1.14",
        "contentHash": "2njUN39iku2RkFlHuAQiZzNThkcuU+0r/nR0lUMyj2eZkrhRGA7yD87zLAnlUfMPMHGBuGNr1kJ6lHWZ+Q4UVw==",
        "dependencies": {
          "HotChocolate.Execution": "15.1.14",
          "HotChocolate.Types": "15.1.14"
        }
      },
      "HotChocolate.Data": {
        "type": "Transitive",
        "resolved": "15.1.14",
        "contentHash": "H0E2AkfnDZg37YVkuq/j+W5H+gmn6YFMjyTdQLDuHoeK3mdID1J9UiO6mIKkIAftHP6KXPyE2brwDI8rglD/Sw==",
        "dependencies": {
          "GreenDonut.Data": "15.1.14",
          "GreenDonut.Data.Abstractions": "15.1.14",
          "GreenDonut.Data.Primitives": "15.1.14",
          "HotChocolate.Execution": "15.1.14",
          "HotChocolate.Execution.Projections": "15.1.14",
          "HotChocolate.Types.CursorPagination": "15.1.14"
        }
      },
      "HotChocolate.Execution": {
        "type": "Transitive",
        "resolved": "15.1.14",
        "contentHash": "Jb/sL6uFkihQtJ466iq4a2HhhZBg4GVqDwUtOmjuh/ATDNWOXcnQGeg5Q1FOn77nCeVBFe7XO7BiChbRsxq+GQ==",
        "dependencies": {
          "HotChocolate.Abstractions": "15.1.14",
          "HotChocolate.Execution.Abstractions": "15.1.14",
          "HotChocolate.Fetching": "15.1.14",
          "HotChocolate.Types": "15.1.14",
          "HotChocolate.Utilities.DependencyInjection": "15.1.14",
          "HotChocolate.Validation": "15.1.14",
          "Microsoft.Extensions.DependencyInjection": "9.0.2"
        }
      },
      "HotChocolate.Execution.Abstractions": {
        "type": "Transitive",
        "resolved": "15.1.14",
        "contentHash": "We1cmVVEi71yBJa+aJBVp7/AKHKlFb1omvapLxLiNZIdbK8fVD43RUtmQV5jE8m1ECjAYIAGn0oNEPHfRj1Y9A==",
        "dependencies": {
          "HotChocolate.Abstractions": "15.1.14",
          "Microsoft.Extensions.DependencyInjection.Abstractions": "9.0.2"
        }
      },
      "HotChocolate.Execution.Projections": {
        "type": "Transitive",
        "resolved": "15.1.14",
        "contentHash": "A+rN2Iz89S2/VpONHGRon85zS4jn04GP3Ui4Dd8T2DnEWv4E+ohateSDj+KQ1327rYBeJvAKgt2iLC4Uyt09AA==",
        "dependencies": {
          "GreenDonut.Data": "15.1.14",
          "GreenDonut.Data.Abstractions": "15.1.14",
          "GreenDonut.Data.Primitives": "15.1.14",
          "HotChocolate.Execution": "15.1.14"
        }
      },
      "HotChocolate.Features": {
        "type": "Transitive",
        "resolved": "15.1.14",
        "contentHash": "e08Che2N+cyceMPwvSys7y7TKD2P+0vw/Sj0udVdrh01TCWSjf07eMWVAc3wNVowoxT8y+zvKb0DV0DAd8h1wg=="
      },
      "HotChocolate.Fetching": {
        "type": "Transitive",
        "resolved": "15.1.14",
        "contentHash": "Akwxj8bCQE8Xi9IOr3DLx0cRtiHdR1KqcTCHWXx4GQjwWFvp9VG1aGch+Lg26CRUgbLyFo8TGhD9SHBC3wBY2w==",
        "dependencies": {
          "GreenDonut": "15.1.14",
          "HotChocolate.Types": "15.1.14"
        }
      },
      "HotChocolate.Language": {
        "type": "Transitive",
        "resolved": "15.1.14",
        "contentHash": "Rt/Fy7htg9dpT60P7fMcGUHOhhWP1Kfy1H1BsQ51nvP1BpEvzpltRTgOwLHFNiXaX5dK5axQqecjEstXIOPmPw==",
        "dependencies": {
          "HotChocolate.Language.SyntaxTree": "15.1.14",
          "HotChocolate.Language.Utf8": "15.1.14",
          "HotChocolate.Language.Visitors": "15.1.14",
          "HotChocolate.Language.Web": "15.1.14"
        }
      },
      "HotChocolate.Language.SyntaxTree": {
        "type": "Transitive",
        "resolved": "15.1.14",
        "contentHash": "oDmlmQ1BzycTNKx3th2dnM6kXj+E1iR/BUFppU0UkS90vIstMpWf3JhZXu0RaZzowe7fvOQq725ihNXs0kOqbQ==",
        "dependencies": {
          "Microsoft.Extensions.ObjectPool": "9.0.2"
        }
      },
      "HotChocolate.Language.Utf8": {
        "type": "Transitive",
        "resolved": "15.1.14",
        "contentHash": "5CLhwoJ/OtJ3PajQq/s7gkb1XEruUlPTz9npet+P7JTKRjuPxak3h7wLb2CQWg4HYRFXYFQz/Ur0f9B9JqfEAA==",
        "dependencies": {
          "HotChocolate.Language.SyntaxTree": "15.1.14"
        }
      },
      "HotChocolate.Language.Visitors": {
        "type": "Transitive",
        "resolved": "15.1.14",
        "contentHash": "C/4wREWro9VgwxF7BuAkBYBwjgwOUUNjLx1ZGlnoe+9lDm7GWaxAM9Cb+Q6oz3NHo1Wtn8wb2S7iMdMGufZ4tQ==",
        "dependencies": {
          "HotChocolate.Language.SyntaxTree": "15.1.14"
        }
      },
      "HotChocolate.Language.Web": {
        "type": "Transitive",
        "resolved": "15.1.14",
        "contentHash": "l73ZQ3eTugogBh4yLgJL1Pm2MeB8mBkw128g9pSyCEmSTiyLvb4jAIrwsgUY74tnmty4fnPG9P9hVGhtoaWTTQ==",
        "dependencies": {
          "HotChocolate.Language.Utf8": "15.1.14"
        }
      },
      "HotChocolate.Primitives": {
        "type": "Transitive",
        "resolved": "15.1.14",
        "contentHash": "yLODsoaB9AxG65bQ4HIo0Dyr1ebivW1MSHQGV3fAahzyXVCysxgAko8A8y+4+mnYDCAVP7erEqIkZbxBMw2Nqg==",
        "dependencies": {
          "HotChocolate.Language": "15.1.14"
        }
      },
      "HotChocolate.Subscriptions": {
        "type": "Transitive",
        "resolved": "15.1.14",
        "contentHash": "Fwpjg+tcAf4lMxBs9/3XRkXA0Vh7uvypzFBMCHg7QPZAdlkEx69FD+xwsaAkVJvHFJAzNAyZMd5Lvj8YP/4KSg==",
        "dependencies": {
          "HotChocolate.Abstractions": "15.1.14",
          "HotChocolate.Execution.Abstractions": "15.1.14",
          "HotChocolate.Utilities": "15.1.14"
        }
      },
      "HotChocolate.Subscriptions.InMemory": {
        "type": "Transitive",
        "resolved": "15.1.14",
        "contentHash": "0DhAsknTKTOM/lsuhtNmPXJB3BWdmoWtZ/4k6qJZNLqHtXUBkgeY+XLxGhrX7FX1veM3iSgUIrVBTyLhHmmLaA==",
        "dependencies": {
          "HotChocolate.Execution.Abstractions": "15.1.14",
          "HotChocolate.Subscriptions": "15.1.14",
          "Microsoft.Extensions.DependencyInjection.Abstractions": "9.0.2"
        }
      },
      "HotChocolate.Transport.Sockets": {
        "type": "Transitive",
        "resolved": "15.1.14",
        "contentHash": "eIeLQframzXK6XZ8TJ4Kz47sUwVntzeV/48sIfcifl3/ChcuxR8pQOZVxfgmcFGwQY4gLriB0KaaR6ME0kgM+A=="
      },
      "HotChocolate.Types": {
        "type": "Transitive",
        "resolved": "15.1.14",
        "contentHash": "LA//8jLnnPQ6lwiAkwzSvNX7w+SmgRDUMNYv+67/YhE9fHOfOPl3aNRqHRsUQ1w4zZj65cCLil1RZM4emfNeYg==",
        "dependencies": {
          "GreenDonut": "15.1.14",
          "HotChocolate.Abstractions": "15.1.14",
          "HotChocolate.Features": "15.1.14",
          "HotChocolate.Types.Shared": "15.1.14",
          "HotChocolate.Utilities": "15.1.14",
          "Microsoft.Extensions.DependencyInjection": "9.0.2",
          "Microsoft.Extensions.ObjectPool": "9.0.2"
        }
      },
      "HotChocolate.Types.CursorPagination": {
        "type": "Transitive",
        "resolved": "15.1.14",
        "contentHash": "4PeKCE1QeGL86GXGYxEh3EU1OyyjwkQDB29HLyhQmQyeHNMHZ/MD7U7eFbCX+n43kOjf/okQ+CclHE62VrnqEA==",
        "dependencies": {
          "HotChocolate.Execution.Abstractions": "15.1.14",
          "HotChocolate.Types": "15.1.14"
        }
      },
      "HotChocolate.Types.CursorPagination.Extensions": {
        "type": "Transitive",
        "resolved": "15.1.14",
        "contentHash": "Ap1LtkmDHORtedqXvkxlrr+m4Cdj2iJIXWpIRo7vhgyjx89K8U4ZkO3iz7Lrx7AdGfNQH9DgW3kgkgFBdtbVtQ==",
        "dependencies": {
          "GreenDonut.Data": "15.1.14",
          "HotChocolate.Types.CursorPagination": "15.1.14"
        }
      },
      "HotChocolate.Types.Errors": {
        "type": "Transitive",
        "resolved": "15.1.14",
        "contentHash": "zaS6ANFxvUiFlQRnokQNuG/99EVyVRJeZPtRkN98Opolh6GAmrAoa7dNDiIDab7RwOLCb6+Zr+Sid42wtqxVIA==",
        "dependencies": {
          "HotChocolate.Execution": "15.1.14"
        }
      },
      "HotChocolate.Types.Mutations": {
        "type": "Transitive",
        "resolved": "15.1.14",
        "contentHash": "7av0aRBASBPBwHC1l6wOvv6uD7/M/XNrJHkRXzfPl78ModeIZ6aeYYtiBl/nPZ9lQKW+IOAZftpZZCvPpn/olA==",
        "dependencies": {
          "HotChocolate.Execution": "15.1.14",
          "HotChocolate.Types.Errors": "15.1.14"
        }
      },
      "HotChocolate.Types.Queries": {
        "type": "Transitive",
        "resolved": "15.1.14",
        "contentHash": "P/Xei6dthbM3jeD7dESX1GzR5GLjStVKREUDaPPtPakO6BXH0FkEehqj9rhxnTgGDuRsln0AS0xdwWnTHflQHQ==",
        "dependencies": {
          "HotChocolate.Execution": "15.1.14",
          "HotChocolate.Types.Errors": "15.1.14"
        }
      },
      "HotChocolate.Types.Scalars.Upload": {
        "type": "Transitive",
        "resolved": "15.1.14",
        "contentHash": "ZxJxyqR+mXlMwcTJ3dw/kAv3BY6ijiJU6ZZdWR7z7RieUMIQZgvLpE3+bJi2XOFkLiSM2m0HCQReX0Jc6ghz6A==",
        "dependencies": {
          "HotChocolate.Types": "15.1.14"
        }
      },
      "HotChocolate.Types.Shared": {
        "type": "Transitive",
        "resolved": "15.1.14",
        "contentHash": "G9AOZXNCW8NQdPUEEopiPrP6viT3Kd2aazFwzx6n2GgJ7RBc/ru+u0lfuF0fN9aDtwVD77EYMqljdwgMAbZbXA==",
        "dependencies": {
          "HotChocolate.Language.SyntaxTree": "15.1.14"
        }
      },
      "HotChocolate.Utilities": {
        "type": "Transitive",
        "resolved": "15.1.14",
        "contentHash": "rcFB6pbQEx33G6erHt2/pugHy95oz0hOt+JYc0c3Qi9TSWWAbATJSYBieh5RIQ3cZG3Vml10roADrX5pDKsoeQ==",
        "dependencies": {
          "Microsoft.Extensions.DependencyInjection.Abstractions": "9.0.2"
        }
      },
      "HotChocolate.Utilities.DependencyInjection": {
        "type": "Transitive",
        "resolved": "15.1.14",
        "contentHash": "ODnCMXyYddq6nMuBLcu9x7q31cyQLYduN9Y+35FyHB7dnLeTPcZRAFQ1AYvlLOP+eosEmknhlzvawJWdFGyHEA==",
        "dependencies": {
          "Microsoft.Extensions.DependencyInjection": "9.0.2"
        }
      },
      "HotChocolate.Validation": {
        "type": "Transitive",
        "resolved": "15.1.14",
        "contentHash": "2fMJ35RGkvR08AsPsh+is5bwUWxj4Ux2BXesy7fjXVdx4+rGh5kpQ72tlkB/4ABaSLb1PXjQaD2Fr11BLGzjmw==",
        "dependencies": {
          "HotChocolate.Types": "15.1.14",
          "Microsoft.Extensions.DependencyInjection.Abstractions": "9.0.2",
          "Microsoft.Extensions.Options": "9.0.2"
        }
      },
      "HtmlAgilityPack": {
        "type": "Transitive",
        "resolved": "1.12.4",
        "contentHash": "ljqvBabvFwKoLniuoQKO8b5bJfJweKLs4fUNS/V5dsvpo0A8MlJqxxn9XVmP2DaskbUXty6IYaWAi1SArGIMeQ=="
      },
      "HtmlSanitizer": {
        "type": "Transitive",
        "resolved": "9.0.892",
        "contentHash": "zdkMmpNCjTkxna8Y+jmPIFm2st+HjHrf32yNElFYwe7L4GmDm+mdKR6TzDyf6ewJ0RUUz84D4IkHNgrwGi4VbQ==",
        "dependencies": {
          "AngleSharp": "[0.17.1]",
          "AngleSharp.Css": "[0.17.0]"
        }
      },
      "Kentico.Aira.Client": {
        "type": "Transitive",
        "resolved": "5.5.0",
        "contentHash": "zMM2Aq3jIhABzv733ZDQIEalIzbHKwDADV55sOIxjS3QAWUDwHvDWiViPrkQ5poaNjWb+8lyl2ctMT+n0J6LBQ==",
        "dependencies": {
          "Azure.Core": "1.47.1",
          "Microsoft.Extensions.DependencyInjection": "8.0.1",
          "Microsoft.Extensions.DependencyInjection.Abstractions": "8.0.2",
          "Microsoft.Extensions.Http": "8.0.1",
          "Microsoft.Extensions.Options": "8.0.2",
          "Microsoft.Extensions.Options.ConfigurationExtensions": "8.0.0",
          "Microsoft.IdentityModel.JsonWebTokens": "8.14.0"
        }
      },
      "Magick.NET-Q8-AnyCPU": {
        "type": "Transitive",
        "resolved": "14.12.0",
        "contentHash": "YGEgNTZ6DaMhXgJYLClRrmEe6CMsEL5E8hy4c2iH/aEmj41ojFAtA/PIXYH1AOYINNEUX/83nLp/y5obt9P/vw==",
        "dependencies": {
          "Magick.NET.Core": "14.12.0"
        }
      },
      "Magick.NET.Core": {
        "type": "Transitive",
        "resolved": "14.12.0",
        "contentHash": "QPyuk1Lxp1xgSTP8xomnoZjeOtUeTSoeSuEckhGaUAi6GdZ5d2PmZqzr0O4m/zPbC4So/yg5rr2QO4vYD6fB5g=="
      },
      "MediatR.Contracts": {
        "type": "Transitive",
        "resolved": "2.0.1",
        "contentHash": "FYv95bNT4UwcNA+G/J1oX5OpRiSUxteXaUt2BJbRSdRNiIUNbggJF69wy6mnk2wYToaanpdXZdCwVylt96MpwQ=="
      },
      "Microsoft.AspNetCore.Authorization": {
        "type": "Transitive",
        "resolved": "8.0.25",
        "contentHash": "YuuWmS4/OKsHSIyhYUXFltDd6zB26gjiWGYz1sGuhMPMxPN7KV6bYck4RepRgI8p34Ty2gR92KPlNi/YY5eB+w==",
        "dependencies": {
          "Microsoft.AspNetCore.Metadata": "8.0.25",
          "Microsoft.Extensions.Logging.Abstractions": "8.0.3",
          "Microsoft.Extensions.Options": "8.0.2"
        }
      },
      "Microsoft.AspNetCore.Components": {
        "type": "Transitive",
        "resolved": "8.0.25",
        "contentHash": "Wby/18hwGSvjFnJ9oLTY1LKf3MPnrXSvjhvtGA+WVdpalXLmXd7MtRsTihodnE/2j1kiYv5D+8+wkwyGtOoOGg==",
        "dependencies": {
          "Microsoft.AspNetCore.Authorization": "8.0.25",
          "Microsoft.AspNetCore.Components.Analyzers": "8.0.25"
        }
      },
      "Microsoft.AspNetCore.Components.Analyzers": {
        "type": "Transitive",
        "resolved": "8.0.25",
        "contentHash": "D7GmpHezGfyCdjhr5+F0aLwZ3FwjFBF7V5rghqrM5WgS/VGYiInA8wAzsFvI2Z61PmfUJ2Y5dXO0muS7uGfQOA=="
      },
      "Microsoft.AspNetCore.Metadata": {
        "type": "Transitive",
        "resolved": "8.0.25",
        "contentHash": "4pUMfXBrUAmG2VEh/JdhreVfaj55JJcRj60sraswl5L2eVPoZ/kOzm49KO1EAv2RzZKXVyhaXw7rGC73+UGT1g=="
      },
      "Microsoft.Bcl.AsyncInterfaces": {
        "type": "Transitive",
        "resolved": "8.0.0",
        "contentHash": "3WA9q9yVqJp222P3x1wYIGDAkpjAku0TMUaaQV22g6L67AI0LdOIrVS7Ht2vJfLHGSPVuqN94vIr15qn+HEkHw=="
      },
      "Microsoft.Data.SqlClient.SNI.runtime": {
        "type": "Transitive",
        "resolved": "5.2.0",
        "contentHash": "po1jhvFd+8pbfvJR/puh+fkHi0GRanAdvayh/0e47yaM6CXWZ6opUjCMFuYlAnD2LcbyvQE7fPJKvogmaUcN+w=="
      },
      "Microsoft.Extensions.Caching.Abstractions": {
        "type": "Transitive",
        "resolved": "8.0.0",
        "contentHash": "3KuSxeHoNYdxVYfg2IRZCThcrlJ1XJqIXkAWikCsbm5C/bCjv7G0WoKDyuR98Q+T607QT2Zl5GsbGRkENcV2yQ==",
        "dependencies": {
          "Microsoft.Extensions.Primitives": "8.0.0"
        }
      },
      "Microsoft.Extensions.Caching.Memory": {
        "type": "Transitive",
        "resolved": "8.0.1",
        "contentHash": "HFDnhYLccngrzyGgHkjEDU5FMLn4MpOsr5ElgsBMC4yx6lJh4jeWO7fHS8+TXPq+dgxCmUa/Trl8svObmwW4QA==",
        "dependencies": {
          "Microsoft.Extensions.Caching.Abstractions": "8.0.0",
          "Microsoft.Extensions.DependencyInjection.Abstractions": "8.0.2",
          "Microsoft.Extensions.Logging.Abstractions": "8.0.2",
          "Microsoft.Extensions.Options": "8.0.2",
          "Microsoft.Extensions.Primitives": "8.0.0"
        }
      },
      "Microsoft.Extensions.Configuration.Abstractions": {
        "type": "Transitive",
        "resolved": "8.0.0",
        "contentHash": "3lE/iLSutpgX1CC0NOW70FJoGARRHbyKmG7dc0klnUZ9Dd9hS6N/POPWhKhMLCEuNN5nXEY5agmlFtH562vqhQ==",
        "dependencies": {
          "Microsoft.Extensions.Primitives": "8.0.0"
        }
      },
      "Microsoft.Extensions.Configuration.Binder": {
        "type": "Transitive",
        "resolved": "8.0.0",
        "contentHash": "mBMoXLsr5s1y2zOHWmKsE9veDcx8h1x/c3rz4baEdQKTeDcmQAPNbB54Pi/lhFO3K431eEq6PFbMgLaa6PHFfA==",
        "dependencies": {
          "Microsoft.Extensions.Configuration.Abstractions": "8.0.0"
        }
      },
      "Microsoft.Extensions.DependencyInjection": {
        "type": "Transitive",
        "resolved": "9.0.2",
        "contentHash": "ZffbJrskOZ40JTzcTyKwFHS5eACSWp2bUQBBApIgGV+es8RaTD4OxUG7XxFr3RIPLXtYQ1jQzF2DjKB5fZn7Qg==",
        "dependencies": {
          "Microsoft.Extensions.DependencyInjection.Abstractions": "9.0.2"
        }
      },
      "Microsoft.Extensions.DependencyInjection.Abstractions": {
        "type": "Transitive",
        "resolved": "9.0.2",
        "contentHash": "MNe7GSTBf3jQx5vYrXF0NZvn6l7hUKF6J54ENfAgCO8y6xjN1XUmKKWG464LP2ye6QqDiA1dkaWEZBYnhoZzjg=="
      },
      "Microsoft.Extensions.Diagnostics": {
        "type": "Transitive",
        "resolved": "8.0.1",
        "contentHash": "doVPCUUCY7c6LhBsEfiy3W1bvS7Mi6LkfQMS8nlC22jZWNxBv8VO8bdfeyvpYFst6Kxqk7HBC6lytmEoBssvSQ==",
        "dependencies": {
          "Microsoft.Extensions.Configuration": "8.0.0",
          "Microsoft.Extensions.Diagnostics.Abstractions": "8.0.1",
          "Microsoft.Extensions.Options.ConfigurationExtensions": "8.0.0"
        }
      },
      "Microsoft.Extensions.Diagnostics.Abstractions": {
        "type": "Transitive",
        "resolved": "8.0.1",
        "contentHash": "elH2vmwNmsXuKmUeMQ4YW9ldXiF+gSGDgg1vORksob5POnpaI6caj1Hu8zaYbEuibhqCoWg0YRWDazBY3zjBfg==",
        "dependencies": {
          "Microsoft.Extensions.DependencyInjection.Abstractions": "8.0.2",
          "Microsoft.Extensions.Options": "8.0.2"
        }
      },
      "Microsoft.Extensions.FileProviders.Abstractions": {
        "type": "Transitive",
        "resolved": "8.0.0",
        "contentHash": "ZbaMlhJlpisjuWbvXr4LdAst/1XxH3vZ6A0BsgTphZ2L4PGuxRLz7Jr/S7mkAAnOn78Vu0fKhEgNF5JO3zfjqQ==",
        "dependencies": {
          "Microsoft.Extensions.Primitives": "8.0.0"
        }
      },
      "Microsoft.Extensions.FileProviders.Embedded": {
        "type": "Transitive",
        "resolved": "8.0.25",
        "contentHash": "LBlxUQTtVrAH7gcUyEpqHwQ0ASx2/rbNIht/DWj+ofux4UH7PMUjyPodx1pGlb+Zdi03ItUZQFT8mRzi0Tiewg==",
        "dependencies": {
          "Microsoft.Extensions.FileProviders.Abstractions": "8.0.0"
        }
      },
      "Microsoft.Extensions.FileProviders.Physical": {
        "type": "Transitive",
        "resolved": "8.0.0",
        "contentHash": "UboiXxpPUpwulHvIAVE36Knq0VSHaAmfrFkegLyBZeaADuKezJ/AIXYAW8F5GBlGk/VaibN2k/Zn1ca8YAfVdA==",
        "dependencies": {
          "Microsoft.Extensions.FileProviders.Abstractions": "8.0.0",
          "Microsoft.Extensions.FileSystemGlobbing": "8.0.0",
          "Microsoft.Extensions.Primitives": "8.0.0"
        }
      },
      "Microsoft.Extensions.FileSystemGlobbing": {
        "type": "Transitive",
        "resolved": "8.0.0",
        "contentHash": "OK+670i7esqlQrPjdIKRbsyMCe9g5kSLpRRQGSr4Q58AOYEe/hCnfLZprh7viNisSUUQZmMrbbuDaIrP+V1ebQ=="
      },
      "Microsoft.Extensions.Hosting.Abstractions": {
        "type": "Transitive",
        "resolved": "8.0.1",
        "contentHash": "nHwq9aPBdBPYXPti6wYEEfgXddfBrYC+CQLn+qISiwQq5tpfaqDZSKOJNxoe9rfQxGf1c+2wC/qWFe1QYJPYqw==",
        "dependencies": {
          "Microsoft.Extensions.Configuration.Abstractions": "8.0.0",
          "Microsoft.Extensions.DependencyInjection.Abstractions": "8.0.2",
          "Microsoft.Extensions.Diagnostics.Abstractions": "8.0.1",
          "Microsoft.Extensions.FileProviders.Abstractions": "8.0.0",
          "Microsoft.Extensions.Logging.Abstractions": "8.0.2"
        }
      },
      "Microsoft.Extensions.Http": {
        "type": "Transitive",
        "resolved": "8.0.1",
        "contentHash": "kDYeKJUzh0qeg/AI+nSr3ffthmXYQTEb0nS9qRC7YhSbbuN4M4NPbaB77AJwtkTnCV9XZ7qYj3dkZaNcyl73EA==",
        "dependencies": {
          "Microsoft.Extensions.Configuration.Abstractions": "8.0.0",
          "Microsoft.Extensions.DependencyInjection.Abstractions": "8.0.2",
          "Microsoft.Extensions.Diagnostics": "8.0.1",
          "Microsoft.Extensions.Logging": "8.0.1",
          "Microsoft.Extensions.Logging.Abstractions": "8.0.2",
          "Microsoft.Extensions.Options": "8.0.2"
        }
      },
      "Microsoft.Extensions.Localization": {
        "type": "Transitive",
        "resolved": "8.0.25",
        "contentHash": "xvoP0KPDAGj3K9Qwg2469rx9T8vOudcxhyJMYG3JuYn1P7aF0KyHoG4wHHHsPAejEJmrtXI4ZqWBpYJ92CupNg==",
        "dependencies": {
          "Microsoft.Extensions.DependencyInjection.Abstractions": "8.0.2",
          "Microsoft.Extensions.Localization.Abstractions": "8.0.25",
          "Microsoft.Extensions.Logging.Abstractions": "8.0.3",
          "Microsoft.Extensions.Options": "8.0.2"
        }
      },
      "Microsoft.Extensions.Localization.Abstractions": {
        "type": "Transitive",
        "resolved": "8.0.25",
        "contentHash": "cFmJ5Ext/DQ/RM9lI1N4LnpmQPuWTLMKG6RNkDHsc5ge4oDyOWlc4vZTIS5c3rDBPrOOtsyVa1ydKPCRgZ9kSg=="
      },
      "Microsoft.Extensions.Logging": {
        "type": "Transitive",
        "resolved": "8.0.1",
        "contentHash": "4x+pzsQEbqxhNf1QYRr5TDkLP9UsLT3A6MdRKDDEgrW7h1ljiEPgTNhKYUhNCCAaVpQECVQ+onA91PTPnIp6Lw==",
        "dependencies": {
          "Microsoft.Extensions.DependencyInjection": "8.0.1",
          "Microsoft.Extensions.Logging.Abstractions": "8.0.2",
          "Microsoft.Extensions.Options": "8.0.2"
        }
      },
      "Microsoft.Extensions.Logging.Abstractions": {
        "type": "Transitive",
        "resolved": "8.0.3",
        "contentHash": "dL0QGToTxggRLMYY4ZYX5AMwBb+byQBd/5dMiZE07Nv73o6I5Are3C7eQTh7K2+A4ct0PVISSr7TZANbiNb2yQ==",
        "dependencies": {
          "Microsoft.Extensions.DependencyInjection.Abstractions": "8.0.2"
        }
      },
      "Microsoft.Extensions.ObjectPool": {
        "type": "Transitive",
        "resolved": "9.0.2",
        "contentHash": "nWx7uY6lfkmtpyC2dGc0IxtrZZs/LnLCQHw3YYQucbqWj8a27U/dZ+eh72O3ZiolqLzzLkVzoC+w/M8dZwxRTw=="
      },
      "Microsoft.Extensions.Options": {
        "type": "Transitive",
        "resolved": "9.0.2",
        "contentHash": "zr98z+AN8+isdmDmQRuEJ/DAKZGUTHmdv3t0ZzjHvNqvA44nAgkXE9kYtfoN6581iALChhVaSw2Owt+Z2lVbkQ==",
        "dependencies": {
          "Microsoft.Extensions.DependencyInjection.Abstractions": "9.0.2",
          "Microsoft.Extensions.Primitives": "9.0.2"
        }
      },
      "Microsoft.Extensions.Options.ConfigurationExtensions": {
        "type": "Transitive",
        "resolved": "8.0.0",
        "contentHash": "0f4DMRqEd50zQh+UyJc+/HiBsZ3vhAQALgdkcQEalSH1L2isdC7Yj54M3cyo5e+BeO5fcBQ7Dxly8XiBBcvRgw==",
        "dependencies": {
          "Microsoft.Extensions.Configuration.Abstractions": "8.0.0",
          "Microsoft.Extensions.Configuration.Binder": "8.0.0",
          "Microsoft.Extensions.DependencyInjection.Abstractions": "8.0.0",
          "Microsoft.Extensions.Options": "8.0.0",
          "Microsoft.Extensions.Primitives": "8.0.0"
        }
      },
      "Microsoft.Extensions.Primitives": {
        "type": "Transitive",
        "resolved": "9.0.2",
        "contentHash": "puBMtKe/wLuYa7H6docBkLlfec+h8L35DXqsDKKJgW0WY5oCwJ3cBJKcDaZchv6knAyqOMfsl6VUbaR++E5LXA=="
      },
      "Microsoft.Identity.Client": {
        "type": "Transitive",
        "resolved": "4.61.3",
        "contentHash": "naJo/Qm35Caaoxp5utcw+R8eU8ZtLz2ALh8S+gkekOYQ1oazfCQMWVT4NJ/FnHzdIJlm8dMz0oMpMGCabx5odA==",
        "dependencies": {
          "Microsoft.IdentityModel.Abstractions": "6.35.0"
        }
      },
      "Microsoft.Identity.Client.Extensions.Msal": {
        "type": "Transitive",
        "resolved": "4.61.3",
        "contentHash": "PWnJcznrSGr25MN8ajlc2XIDW4zCFu0U6FkpaNLEWLgd1NgFCp5uDY3mqLDgM8zCN8hqj8yo5wHYfLB2HjcdGw==",
        "dependencies": {
          "Microsoft.Identity.Client": "4.61.3",
          "System.Security.Cryptography.ProtectedData": "4.5.0"
        }
      },
      "Microsoft.IdentityModel.Abstractions": {
        "type": "Transitive",
        "resolved": "8.14.0",
        "contentHash": "iwbCpSjD3ehfTwBhtSNEtKPK0ICun6ov7Ibx6ISNA9bfwIyzI2Siwyi9eJFCJBwxowK9xcA1mj+jBWiigeqgcQ=="
      },
      "Microsoft.IdentityModel.JsonWebTokens": {
        "type": "Transitive",
        "resolved": "8.14.0",
        "contentHash": "4jOpiA4THdtpLyMdAb24dtj7+6GmvhOhxf5XHLYWmPKF8ApEnApal1UnJsKO4HxUWRXDA6C4WQVfYyqsRhpNpQ==",
        "dependencies": {
          "Microsoft.IdentityModel.Tokens": "8.14.0"
        }
      },
      "Microsoft.IdentityModel.Logging": {
        "type": "Transitive",
        "resolved": "8.14.0",
        "contentHash": "eqqnemdW38CKZEHS6diA50BV94QICozDZEvSrsvN3SJXUFwVB9gy+/oz76gldP7nZliA16IglXjXTCTdmU/Ejg==",
        "dependencies": {
          "Microsoft.IdentityModel.Abstractions": "8.14.0"
        }
      },
      "Microsoft.IdentityModel.Protocols": {
        "type": "Transitive",
        "resolved": "6.35.0",
        "contentHash": "BPQhlDzdFvv1PzaUxNSk+VEPwezlDEVADIKmyxubw7IiELK18uJ06RQ9QKKkds30XI+gDu9n8j24XQ8w7fjWcg==",
        "dependencies": {
          "Microsoft.IdentityModel.Logging": "6.35.0",
          "Microsoft.IdentityModel.Tokens": "6.35.0"
        }
      },
      "Microsoft.IdentityModel.Protocols.OpenIdConnect": {
        "type": "Transitive",
        "resolved": "6.35.0",
        "contentHash": "LMtVqnECCCdSmyFoCOxIE5tXQqkOLrvGrL7OxHg41DIm1bpWtaCdGyVcTAfOQpJXvzND9zUKIN/lhngPkYR8vg==",
        "dependencies": {
          "Microsoft.IdentityModel.Protocols": "6.35.0",
          "System.IdentityModel.Tokens.Jwt": "6.35.0"
        }
      },
      "Microsoft.IdentityModel.Tokens": {
        "type": "Transitive",
        "resolved": "8.14.0",
        "contentHash": "lKIZiBiGd36k02TCdMHp1KlNWisyIvQxcYJvIkz7P4gSQ9zi8dgh6S5Grj8NNG7HWYIPfQymGyoZ6JB5d1Lo1g==",
        "dependencies": {
          "Microsoft.Extensions.Logging.Abstractions": "8.0.0",
          "Microsoft.IdentityModel.Logging": "8.14.0"
        }
      },
      "Microsoft.SqlServer.Server": {
        "type": "Transitive",
        "resolved": "1.0.0",
        "contentHash": "N4KeF3cpcm1PUHym1RmakkzfkEv3GRMyofVv40uXsQhCQeglr2OHNcUk2WOG51AKpGO8ynGpo9M/kFXSzghwug=="
      },
      "MimeKit": {
        "type": "Transitive",
        "resolved": "4.16.0",
        "contentHash": "X0LFxeM4gPRIhODyY/HYS9b+zRZ7y//v59rFzgS6wLxcPuZThnMtNZHtrr0fjLyRRkg3gqJBtvW36XfUzZ7Djw==",
        "dependencies": {
          "BouncyCastle.Cryptography": "2.6.2",
          "System.Security.Cryptography.Pkcs": "10.0.0"
        }
      },
      "Mono.Cecil": {
        "type": "Transitive",
        "resolved": "0.11.6",
        "contentHash": "f33RkDtZO8VlGXCtmQIviOtxgnUdym9xx/b1p9h91CRGOsJFxCFOFK1FDbVt1OCf1aWwYejUFa2MOQyFWTFjbA=="
      },
      "Newtonsoft.Json": {
        "type": "Transitive",
        "resolved": "13.0.3",
        "contentHash": "HrC5BXdl00IP9zeV+0Z848QWPAoCr9P3bDEZguI+gkLcBKAOxix/tLEAAHC+UvDNPv4a2d18lOReHMOagPa+zQ=="
      },
      "ReverseMarkdown": {
        "type": "Transitive",
        "resolved": "5.3.0",
        "contentHash": "cVp1mdJen3VFvGpGU2it9PFJCqb1nL9Ny5p6XcT9KgmZQmQs6fR5U/OdBqzck+2gTeYtV4mksDwztVNZ7z+WTA==",
        "dependencies": {
          "HtmlAgilityPack": "1.12.4"
        }
      },
      "System.ClientModel": {
        "type": "Transitive",
        "resolved": "1.5.1",
        "contentHash": "k2jKSO0X45IqhVOT9iQB4xralNN9foRQsRvXBTyRpAVxyzCJlG895T9qYrQWbcJ6OQXxOouJQ37x5nZH5XKK+A==",
        "dependencies": {
          "Microsoft.Extensions.Logging.Abstractions": "8.0.3",
          "System.Memory.Data": "8.0.1"
        }
      },
      "System.CodeDom": {
        "type": "Transitive",
        "resolved": "8.0.0",
        "contentHash": "WTlRjL6KWIMr/pAaq3rYqh0TJlzpouaQ/W1eelssHgtlwHAH25jXTkUphTYx9HaIIf7XA6qs/0+YhtLEQRkJ+Q=="
      },
      "System.Diagnostics.EventLog": {
        "type": "Transitive",
        "resolved": "8.0.0",
        "contentHash": "fdYxcRjQqTTacKId/2IECojlDSFvp7LP5N78+0z/xH7v/Tuw5ZAxu23Y6PTCRinqyu2ePx+Gn1098NC6jM6d+A=="
      },
      "System.IdentityModel.Tokens.Jwt": {
        "type": "Transitive",
        "resolved": "6.35.0",
        "contentHash": "yxGIQd3BFK7F6S62/7RdZk3C/mfwyVxvh6ngd1VYMBmbJ1YZZA9+Ku6suylVtso0FjI0wbElpJ0d27CdsyLpBQ==",
        "dependencies": {
          "Microsoft.IdentityModel.JsonWebTokens": "6.35.0",
          "Microsoft.IdentityModel.Tokens": "6.35.0"
        }
      },
      "System.Interactive.Async": {
        "type": "Transitive",
        "resolved": "7.0.1",
        "contentHash": "oL1iox7sAJL8i+muGzVMQjDB0axQgOoT5CkwYdap8cQJMkWDWMRErNqhOcZkn31+aKr/uCfgMEdhUARCU4G7gg=="
      },
      "System.IO.Hashing": {
        "type": "Transitive",
        "resolved": "9.0.14",
        "contentHash": "cyfW1awmZVpEPAUCVlF8orJ2NqZjr6L4VpjE88Fvhp3XHDyQNRwC10zzjUPXmpjVknh+r2xFbVDdcX7LnzJ+zg=="
      },
      "System.Memory.Data": {
        "type": "Transitive",
        "resolved": "8.0.1",
        "contentHash": "BVYuec3jV23EMRDeR7Dr1/qhx7369dZzJ9IWy2xylvb4YfXsrUxspWc4UWYid/tj4zZK58uGZqn2WQiaDMhmAg=="
      },
      "System.Runtime.Caching": {
        "type": "Transitive",
        "resolved": "8.0.0",
        "contentHash": "4TmlmvGp4kzZomm7J2HJn6IIx0UUrQyhBDyb5O1XiunZlQImXW+B8b7W/sTPcXhSf9rp5NR5aDtQllwbB5elOQ==",
        "dependencies": {
          "System.Configuration.ConfigurationManager": "8.0.0"
        }
      },
      "System.Security.Cryptography.Pkcs": {
        "type": "Transitive",
        "resolved": "10.0.0",
        "contentHash": "UPWqLSygJlFerRi9XNIuM0a1VC8gHUIufyP24xQ0sc+XimqUAEcjpOz9DhKpyDjH+5B/wO3RpC0KpkEeDj/ddg=="
      },
      "System.Security.Cryptography.ProtectedData": {
        "type": "Transitive",
        "resolved": "8.0.0",
        "contentHash": "+TUFINV2q2ifyXauQXRwy4CiBhqvDEDZeVJU7qfxya4aRYOKzVBpN+4acx25VcPB9ywUN6C0n8drWl110PhZEg=="
      },
      "Yarp.ReverseProxy": {
        "type": "Transitive",
        "resolved": "2.3.0",
        "contentHash": "gxtkN3a+9biu9V9Zd5NaTO6VZWXAnS2mhQ0R/VXmSPoTuiQNZsakKikrKpDtKxrL5nUYzbRsHtl40WNq+ZBKKg==",
        "dependencies": {
          "System.IO.Hashing": "8.0.0"
        }
      },
      "AngleSharp": {
        "type": "CentralTransitive",
        "requested": "[1.4.0, )",
        "resolved": "0.17.1",
        "contentHash": "5MPI4bbixlwxb0W/smOMeIR+QlxMy5/5jD+WnIAw4pBC+7AhLPe5bS3cLgQMJyvd6q0A48sG+uYOt/ep406GLA=="
      },
      "Kentico.Xperience.Core": {
        "type": "CentralTransitive",
        "requested": "[31.4.2, )",
        "resolved": "31.4.2",
        "contentHash": "qGUfOV+GXWyv5UdV/R1bdLNxe90F5CCQx75722U1ZxE9Nh2G7+sdO+qMBagQACP22DLW7dpiSkZOd7+ohSgdsg==",
        "dependencies": {
          "AngleSharp": "0.17.1",
          "Kentico.Aira.Client": "5.5.0",
          "Magick.NET-Q8-AnyCPU": "14.12.0",
          "MailKit": "4.15.1",
          "Microsoft.Data.SqlClient": "5.2.3",
          "Microsoft.Extensions.Caching.Memory": "8.0.1",
          "Microsoft.Extensions.Configuration": "8.0.0",
          "Microsoft.Extensions.DependencyInjection": "8.0.1",
          "Microsoft.Extensions.FileProviders.Physical": "8.0.0",
          "Microsoft.Extensions.Hosting.Abstractions": "8.0.1",
          "Microsoft.Extensions.Localization": "8.0.25",
          "Microsoft.Extensions.Logging": "8.0.1",
          "Microsoft.Extensions.Options.ConfigurationExtensions": "8.0.0",
          "Mono.Cecil": "0.11.6",
          "Newtonsoft.Json": "13.0.3",
          "ReverseMarkdown": "5.3.0",
          "System.CodeDom": "8.0.0",
          "System.IO.Hashing": "9.0.14"
        }
      },
      "Microsoft.Data.SqlClient": {
        "type": "CentralTransitive",
        "requested": "[6.1.4, )",
        "resolved": "5.2.3",
        "contentHash": "KtBQ2ZmPrGwIe8W8n3urW8hyDrPQgyNg7sE7T70zi5+Tdre5r5e7aAYMsJTRIKq8Y+wZB4UAfAAnUlK728xWOg==",
        "dependencies": {
          "Azure.Identity": "1.11.4",
          "Microsoft.Data.SqlClient.SNI.runtime": "5.2.0",
          "Microsoft.Identity.Client": "4.61.3",
          "Microsoft.IdentityModel.JsonWebTokens": "6.35.0",
          "Microsoft.IdentityModel.Protocols.OpenIdConnect": "6.35.0",
          "Microsoft.SqlServer.Server": "1.0.0",
          "System.Configuration.ConfigurationManager": "8.0.0",
          "System.Runtime.Caching": "8.0.0"
        }
      },
      "Microsoft.Extensions.Configuration": {
        "type": "CentralTransitive",
        "requested": "[10.0.7, )",
        "resolved": "8.0.0",
        "contentHash": "0J/9YNXTMWSZP2p2+nvl8p71zpSwokZXZuJW+VjdErkegAnFdO1XlqtA62SJtgVYHdKu3uPxJHcMR/r35HwFBA==",
        "dependencies": {
          "Microsoft.Extensions.Configuration.Abstractions": "8.0.0",
          "Microsoft.Extensions.Primitives": "8.0.0"
        }
      },
      "System.Configuration.ConfigurationManager": {
        "type": "CentralTransitive",
        "requested": "[10.0.7, )",
        "resolved": "8.0.0",
        "contentHash": "JlYi9XVvIREURRUlGMr1F6vOFLk7YSY4p1vHo4kX3tQ0AGrjqlRWHDi66ImHhy6qwXBG3BJ6Y1QlYQ+Qz6Xgww==",
        "dependencies": {
          "System.Diagnostics.EventLog": "8.0.0",
          "System.Security.Cryptography.ProtectedData": "8.0.0"
        }
      }
    }
  }
}