{
  "version": 2,
  "dependencies": {
    "net8.0": {
      "CSharpFunctionalExtensions": {
        "type": "Direct",
        "requested": "[3.4.3, )",
        "resolved": "3.4.3",
        "contentHash": "q2b5Zf2FGON2E3ti8J784x7Ov4b5b+uwi1wfMNCK12BOakJSLT4TwRSxg1j8KLtCOIeFpcO5TBR0eZZBL9wR0Q=="
      },
      "Enums.NET": {
        "type": "Direct",
        "requested": "[5.0.0, )",
        "resolved": "5.0.0",
        "contentHash": "NfGq1iLJZ15XZPgBhjk4Ns1XZ+beaGk6cog6B4LxcROdGoSMdgCJqYXF70P6VTd3dz/vFRY4h1u1lAMqW/DC2w=="
      },
      "Kentico.Xperience.WebApp": {
        "type": "Direct",
        "requested": "[30.1.0, )",
        "resolved": "30.1.0",
        "contentHash": "eufcrBB9QWHlxyOkWAAc4RvTuTXJBs23+HwiDs3YlbASRLFDJkTBeL5hYG3IiXxB/sGllHnjzCy0WGskRtnIMQ==",
        "dependencies": {
          "CommandLineParser": "2.9.1",
          "HotChocolate.AspNetCore": "14.3.0",
          "HotChocolate.Data": "14.3.0",
          "HtmlSanitizer": "8.1.870",
          "Kentico.Xperience.Core": "[30.1.0]",
          "Microsoft.Extensions.Caching.Memory": "8.0.1",
          "Microsoft.Extensions.FileProviders.Embedded": "8.0.12",
          "System.Text.Json": "8.0.5"
        }
      },
      "MediatR": {
        "type": "Direct",
        "requested": "[12.4.1, )",
        "resolved": "12.4.1",
        "contentHash": "0tLxCgEC5+r1OCuumR3sWyiVa+BMv3AgiU4+pz8xqTc+2q1WbUEXFOr7Orm96oZ9r9FsldgUtWvB2o7b9jDOaw==",
        "dependencies": {
          "MediatR.Contracts": "[2.0.1, 3.0.0)",
          "Microsoft.Extensions.DependencyInjection.Abstractions": "8.0.0"
        }
      },
      "System.Linq.Async": {
        "type": "Direct",
        "requested": "[6.0.1, )",
        "resolved": "6.0.1",
        "contentHash": "0YhHcaroWpQ9UCot3Pizah7ryAzQhNvobLMSxeDIGmnXfkQn8u5owvpOH0K6EVB+z9L7u6Cc4W17Br/+jyttEQ==",
        "dependencies": {
          "Microsoft.Bcl.AsyncInterfaces": "6.0.0"
        }
      },
      "AngleSharp.Css": {
        "type": "Transitive",
        "resolved": "0.17.0",
        "contentHash": "bg0AcugmX6BFEi/DHG61QrwRU8iuiX4H8LZehdIzYdqOM/dgb3BsCTzNIcc1XADn4+xfQEdVwJYTSwUxroL4vg==",
        "dependencies": {
          "AngleSharp": "[0.17.0, 0.18.0)"
        }
      },
      "Azure.Core": {
        "type": "Transitive",
        "resolved": "1.38.0",
        "contentHash": "IuEgCoVA0ef7E4pQtpC3+TkPbzaoQfa77HlfJDmfuaJUCVJmn7fT0izamZiryW5sYUFKizsftIxMkXKbgIcPMQ==",
        "dependencies": {
          "Microsoft.Bcl.AsyncInterfaces": "1.1.1",
          "System.ClientModel": "1.0.0",
          "System.Diagnostics.DiagnosticSource": "6.0.1",
          "System.Memory.Data": "1.0.2",
          "System.Numerics.Vectors": "4.5.0",
          "System.Text.Encodings.Web": "4.7.2",
          "System.Text.Json": "4.7.2",
          "System.Threading.Tasks.Extensions": "4.5.4"
        }
      },
      "Azure.Identity": {
        "type": "Transitive",
        "resolved": "1.11.4",
        "contentHash": "Sf4BoE6Q3jTgFkgBkx7qztYOFELBCo+wQgpYDwal/qJ1unBH73ywPztIJKXBXORRzAeNijsuxhk94h0TIMvfYg==",
        "dependencies": {
          "Azure.Core": "1.38.0",
          "Microsoft.Identity.Client": "4.61.3",
          "Microsoft.Identity.Client.Extensions.Msal": "4.61.3",
          "System.Memory": "4.5.4",
          "System.Security.Cryptography.ProtectedData": "4.7.0",
          "System.Text.Json": "4.7.2",
          "System.Threading.Tasks.Extensions": "4.5.4"
        }
      },
      "BouncyCastle.Cryptography": {
        "type": "Transitive",
        "resolved": "2.5.0",
        "contentHash": "rc7vRCq/KD3GtIwSgRtjanGaBwTb9nLenFDZnEcauWlssuuEoxcbMfWA3QWWho6QDMSOSkWjs657McdHzEtEcw=="
      },
      "ChilliCream.Nitro.App": {
        "type": "Transitive",
        "resolved": "20.0.2",
        "contentHash": "lGGJr3KQzctFTyK+kr0DanKL2IFxFcGeR3lxwyxo4wxzmDpTYOe84HR2c/bD2rEJDdawke/NLWW+QC43TsM2EQ==",
        "dependencies": {
          "Yarp.ReverseProxy": "2.2.0"
        }
      },
      "CommandLineParser": {
        "type": "Transitive",
        "resolved": "2.9.1",
        "contentHash": "OE0sl1/sQ37bjVsPKKtwQlWDgqaxWgtme3xZz7JssWUzg5JpMIyHgCTY9MVMxOg48fJ1AgGT3tgdH5m/kQ5xhA=="
      },
      "GreenDonut": {
        "type": "Transitive",
        "resolved": "14.3.0",
        "contentHash": "X7aJl2f3Dp/BkQGHvHPxA8/MDERuJWmd8u4UVeKg0LAQrJqpI15tFMzz8nPqlbNOCy834hgNkofdhdz9xW8lBw==",
        "dependencies": {
          "Microsoft.Extensions.DependencyInjection.Abstractions": "8.0.0",
          "Microsoft.Extensions.ObjectPool": "8.0.0"
        }
      },
      "HotChocolate": {
        "type": "Transitive",
        "resolved": "14.3.0",
        "contentHash": "/Etsv0VIYEq21jzfdQA4cbwYTfoLT2ngBbqze8h82T+U50qnBe4mitGtCua9PrSekmwUwDgy9jLBjMWGQ330Ng==",
        "dependencies": {
          "HotChocolate.Authorization": "14.3.0",
          "HotChocolate.CostAnalysis": "14.3.0",
          "HotChocolate.Execution": "14.3.0",
          "HotChocolate.Fetching": "14.3.0",
          "HotChocolate.Pagination.Mappings": "14.3.0",
          "HotChocolate.Types": "14.3.0",
          "HotChocolate.Types.CursorPagination": "14.3.0",
          "HotChocolate.Types.Mutations": "14.3.0",
          "HotChocolate.Types.OffsetPagination": "14.3.0",
          "HotChocolate.Types.Queries": "14.3.0",
          "HotChocolate.Validation": "14.3.0"
        }
      },
      "HotChocolate.Abstractions": {
        "type": "Transitive",
        "resolved": "14.3.0",
        "contentHash": "XeYgSPxaxicxWCn+V6jrYqXfVNUHT9CglHrTFBfrVe6YtE1jQowa24aosjLsqhAqy6A4TIM9o2VkJ8o5gR79qg==",
        "dependencies": {
          "HotChocolate.Primitives": "14.3.0"
        }
      },
      "HotChocolate.AspNetCore": {
        "type": "Transitive",
        "resolved": "14.3.0",
        "contentHash": "7oE4ozzJIV14i206TiMhgQ+OLaN47b+dCsSEkCwcHbMMW++qhyjSfDIZGs/upGPQ/MCFRqp8DRBu4D9yHQE1jQ==",
        "dependencies": {
          "ChilliCream.Nitro.App": "20.0.2",
          "HotChocolate": "14.3.0",
          "HotChocolate.Subscriptions.InMemory": "14.3.0",
          "HotChocolate.Transport.Sockets": "14.3.0",
          "HotChocolate.Types.Scalars.Upload": "14.3.0",
          "HotChocolate.Utilities.DependencyInjection": "14.3.0"
        }
      },
      "HotChocolate.Authorization": {
        "type": "Transitive",
        "resolved": "14.3.0",
        "contentHash": "qv6+uWR6kZvjs2XXQNuEbDquIvOQ51oizgY6bRQW9YjzbvXkWVVyi28Fc4ex0DkePNNUtcyHkl9TBoMMNYmuEA==",
        "dependencies": {
          "HotChocolate.Execution": "14.3.0"
        }
      },
      "HotChocolate.CostAnalysis": {
        "type": "Transitive",
        "resolved": "14.3.0",
        "contentHash": "7uxyzhx2fXb2hXrXKR2xGpEynimGIEOYxLcunoAZXjUyEYNABwudr5gtVuprh+VEb3pntak7zZWEO+V1dMYE9Q==",
        "dependencies": {
          "HotChocolate.Execution": "14.3.0",
          "HotChocolate.Types": "14.3.0"
        }
      },
      "HotChocolate.Data": {
        "type": "Transitive",
        "resolved": "14.3.0",
        "contentHash": "XB1sXx6QhTmR795DsB23qiPOwTrJ5FhCugWzc1gn4Dl3FjeMxbVXOccDv0EXu31GM7IcpukV1NCB4Sv7VjCbtg==",
        "dependencies": {
          "HotChocolate.Execution": "14.3.0",
          "HotChocolate.Pagination.Batching": "14.3.0",
          "HotChocolate.Types.CursorPagination": "14.3.0"
        }
      },
      "HotChocolate.Execution": {
        "type": "Transitive",
        "resolved": "14.3.0",
        "contentHash": "lXbc44zl73ZrQsaDCJsNbMJoWikOzIksCBLCeHnakrgn/KC1xlMuhDN5cE5zVFn5agc6TJ1uNIN06sBVNr4Nwg==",
        "dependencies": {
          "HotChocolate.Abstractions": "14.3.0",
          "HotChocolate.Execution.Abstractions": "14.3.0",
          "HotChocolate.Fetching": "14.3.0",
          "HotChocolate.Pagination.Batching": "14.3.0",
          "HotChocolate.Types": "14.3.0",
          "HotChocolate.Utilities.DependencyInjection": "14.3.0",
          "HotChocolate.Validation": "14.3.0",
          "Microsoft.Extensions.DependencyInjection": "8.0.0",
          "System.IO.Pipelines": "8.0.0"
        }
      },
      "HotChocolate.Execution.Abstractions": {
        "type": "Transitive",
        "resolved": "14.3.0",
        "contentHash": "htv+VJhU9D+t01j5PrNpFRXMn6H2ai/9EEM2vJcajoClpACtudEQluKu6v3rwsXjjAKteFl7aUO5TmPX9uaTnw==",
        "dependencies": {
          "HotChocolate.Abstractions": "14.3.0",
          "Microsoft.Extensions.DependencyInjection.Abstractions": "8.0.0"
        }
      },
      "HotChocolate.Features": {
        "type": "Transitive",
        "resolved": "14.3.0",
        "contentHash": "GoRWTKOlnQvS8BkNfWOozbfFhjoCEnKYP/K0r27YwYZaRj78LZYcucjUS/dzYrHp+QMO99hb6v9NGtdUPEa+Pw=="
      },
      "HotChocolate.Fetching": {
        "type": "Transitive",
        "resolved": "14.3.0",
        "contentHash": "z+/BMyvLy8exXMrI/uVdWPwvsx7Wz+t9PyuJ/wt8H9Jge0aLQhelwd29cAKhlWqjTq/ylTvKrnfH6vMj1aFI3A==",
        "dependencies": {
          "GreenDonut": "14.3.0",
          "HotChocolate.Types": "14.3.0"
        }
      },
      "HotChocolate.Language": {
        "type": "Transitive",
        "resolved": "14.3.0",
        "contentHash": "gr09SKJg/PuT0lnMyex/yXYsWp9giyLLMd8s0fSHTr2Xcj8jrkQFRnguqRyPt2wR7n81VTIv6pLJQUMBf3MceQ==",
        "dependencies": {
          "HotChocolate.Language.SyntaxTree": "14.3.0",
          "HotChocolate.Language.Utf8": "14.3.0",
          "HotChocolate.Language.Visitors": "14.3.0",
          "HotChocolate.Language.Web": "14.3.0"
        }
      },
      "HotChocolate.Language.SyntaxTree": {
        "type": "Transitive",
        "resolved": "14.3.0",
        "contentHash": "Fyh/MfVN2xUDA/W2yzZDI5tGctzYWT3NgAPvYrenJrVhnGcdtLGK3fDEBWSV7AzX52H8v4X1naXFrJsVGN3j6Q==",
        "dependencies": {
          "Microsoft.Extensions.ObjectPool": "8.0.0"
        }
      },
      "HotChocolate.Language.Utf8": {
        "type": "Transitive",
        "resolved": "14.3.0",
        "contentHash": "X34Jir0HjPD+1+gkHfsXv2EpoRHD5DXtIdFUimzmI6fYB9Y9p1of9vyw4BFOaoMcSXPkLDFfdTeKLm3Gv9j4CQ==",
        "dependencies": {
          "HotChocolate.Language.SyntaxTree": "14.3.0"
        }
      },
      "HotChocolate.Language.Visitors": {
        "type": "Transitive",
        "resolved": "14.3.0",
        "contentHash": "MVNxRjz8kBk8rwaQOEeHMJY/kUK0NeHoKMktnAlrna3zlScq+L3EJIyVPwQKtuv9BoWBmBv6mSlLsth/DozfiA==",
        "dependencies": {
          "HotChocolate.Language.SyntaxTree": "14.3.0"
        }
      },
      "HotChocolate.Language.Web": {
        "type": "Transitive",
        "resolved": "14.3.0",
        "contentHash": "ymqyC3fThJkbROaejJI9TjBxMQkDsaNCNWGUepRF+JXjHWV/wZVtJahJ3g4y0FOUnAFaz6ZIgaK6dt/cgdOFog==",
        "dependencies": {
          "HotChocolate.Language.Utf8": "14.3.0"
        }
      },
      "HotChocolate.Pagination.Batching": {
        "type": "Transitive",
        "resolved": "14.3.0",
        "contentHash": "/XZYWn1los5pXU+C92qtNcxgu5agdnBNVWTUTSvowzVfWt7BquB0ZnS227B+hjAbJXIAEpKmPMWyHSzc5rg5kg==",
        "dependencies": {
          "GreenDonut": "14.3.0",
          "HotChocolate.Pagination.Primitives": "14.3.0"
        }
      },
      "HotChocolate.Pagination.Core": {
        "type": "Transitive",
        "resolved": "14.3.0",
        "contentHash": "nyd+dKqML8AfdVbRNd55ihYTel89BPy7cXLFa256OJcKLPxWKKNOl7HFgzTkjuFfoXK3ybEzgzJHW+d5oikIOg==",
        "dependencies": {
          "HotChocolate.Pagination.Primitives": "14.3.0"
        }
      },
      "HotChocolate.Pagination.Mappings": {
        "type": "Transitive",
        "resolved": "14.3.0",
        "contentHash": "hlLIEJXkvI/gnoHZghfy96rpkaBWZmTF0e/MrHV2rb5eJeNRyLZVtEcDK8cQe1zxGeJLNgvHwyYTMpWnOyv16Q==",
        "dependencies": {
          "HotChocolate.Execution.Abstractions": "14.3.0",
          "HotChocolate.Pagination.Core": "14.3.0",
          "HotChocolate.Pagination.Primitives": "14.3.0",
          "HotChocolate.Types": "14.3.0",
          "HotChocolate.Types.CursorPagination": "14.3.0"
        }
      },
      "HotChocolate.Pagination.Primitives": {
        "type": "Transitive",
        "resolved": "14.3.0",
        "contentHash": "b63Y3ZaCXjjIi6c/MKFk8+ZEgXJcwbOULaZMYqtWoLrJlpqhv9IgsxOURGnOQ9bgLhv1cgDDG1p3LWQ1beUBHQ=="
      },
      "HotChocolate.Primitives": {
        "type": "Transitive",
        "resolved": "14.3.0",
        "contentHash": "olfaFS31bMZAlqGp7XVS9KOj/pKRkQ06Itc2H16KyeZv/ojpZ130fVXgzsaUJBlCgSIosU/JAUKIAo22C2Wl8Q==",
        "dependencies": {
          "HotChocolate.Language": "14.3.0"
        }
      },
      "HotChocolate.Subscriptions": {
        "type": "Transitive",
        "resolved": "14.3.0",
        "contentHash": "LfNmDeFop3q1QW7ZYSqcDIWt2/K09+Y8PgEtaoF8EV/9GTjs3L1r00NEkMLSZpv4SR4bKsG7QgCG85Wnurmp0g==",
        "dependencies": {
          "HotChocolate.Abstractions": "14.3.0",
          "HotChocolate.Execution.Abstractions": "14.3.0"
        }
      },
      "HotChocolate.Subscriptions.InMemory": {
        "type": "Transitive",
        "resolved": "14.3.0",
        "contentHash": "Yq7SaJCXuVxeYtHsAi7COWTjtExBGmRlbz4gwrXMtcpeN2DkVAaxAvq4hptEcg61V5btJxCVh5BsGNQgFTweCw==",
        "dependencies": {
          "HotChocolate.Execution.Abstractions": "14.3.0",
          "HotChocolate.Subscriptions": "14.3.0",
          "Microsoft.Extensions.DependencyInjection.Abstractions": "8.0.0"
        }
      },
      "HotChocolate.Transport.Sockets": {
        "type": "Transitive",
        "resolved": "14.3.0",
        "contentHash": "pnjztQeln4PXO3lF4QWrcPKKxy9p6/xfEa2npeXgxophTv85hxPTUZ1bVBEEqTnb5crLJPepNJLh/VeTcTpeVw==",
        "dependencies": {
          "System.IO.Pipelines": "8.0.0"
        }
      },
      "HotChocolate.Types": {
        "type": "Transitive",
        "resolved": "14.3.0",
        "contentHash": "UgQUzbYzxMBrpl+AZlIO4DDBPf/awP/0/xNwV8cANifgoP+Cj02/vgRuhcd7u4QY04Jked9Up6FykTPqRKX45A==",
        "dependencies": {
          "GreenDonut": "14.3.0",
          "HotChocolate.Abstractions": "14.3.0",
          "HotChocolate.Features": "14.3.0",
          "HotChocolate.Types.Shared": "14.3.0",
          "HotChocolate.Utilities": "14.3.0",
          "Microsoft.Extensions.DependencyInjection": "8.0.0",
          "Microsoft.Extensions.ObjectPool": "8.0.0"
        }
      },
      "HotChocolate.Types.CursorPagination": {
        "type": "Transitive",
        "resolved": "14.3.0",
        "contentHash": "WunEksKv+dTmUzUR09euhbo0gJvyCTCiLK5Gnvpotw0a/aucuLd5wxWnbuo8kW5TmO3aOmdL+7kefSXtz+x2dg==",
        "dependencies": {
          "HotChocolate.Execution.Abstractions": "14.3.0",
          "HotChocolate.Types": "14.3.0"
        }
      },
      "HotChocolate.Types.Errors": {
        "type": "Transitive",
        "resolved": "14.3.0",
        "contentHash": "uaBv8nkK1RSj7BkirE7r0F/OOvwKi2Gxv0rzDUjUIDlWvQF8nfiYEWj2uRcDQgrDwvGKC5lfNjv+zxS5OoyGew==",
        "dependencies": {
          "HotChocolate.Execution": "14.3.0"
        }
      },
      "HotChocolate.Types.Mutations": {
        "type": "Transitive",
        "resolved": "14.3.0",
        "contentHash": "1MonnL1iupqu/MPoiw180k7yxalq3pY0prFFmwxGeOwd4nsz4zvz+62Etr9sARJ1MK9lFXWlF8CdEdKivHJr1A==",
        "dependencies": {
          "HotChocolate.Execution": "14.3.0",
          "HotChocolate.Types.Errors": "14.3.0"
        }
      },
      "HotChocolate.Types.OffsetPagination": {
        "type": "Transitive",
        "resolved": "14.3.0",
        "contentHash": "4jkiVw3GdjfnylGp9uevMdhfBbECEJOHxK7IzD5OGTXnP23RN7Z6qyA9J4BV5nOAH750tW0i/7eqgdYba5gUog==",
        "dependencies": {
          "HotChocolate.Execution": "14.3.0",
          "HotChocolate.Types": "14.3.0"
        }
      },
      "HotChocolate.Types.Queries": {
        "type": "Transitive",
        "resolved": "14.3.0",
        "contentHash": "itRehC4lZ+DbV0cqvi/QJJQL7PSQHHOMFuUaZGm2fsKYSA7hzjrOX+//QmbKaCSIikxR+H+zxvnRm8KNrn+MTw==",
        "dependencies": {
          "HotChocolate.Execution": "14.3.0",
          "HotChocolate.Types.Errors": "14.3.0"
        }
      },
      "HotChocolate.Types.Scalars.Upload": {
        "type": "Transitive",
        "resolved": "14.3.0",
        "contentHash": "p9tK3+70fOWctLAL9PipdmmgJzZGn2reDe666HupH0iAbYYVgj5HPdObk45GmJ5aHHRq6uTuaWcUnq1U+yIGBg==",
        "dependencies": {
          "HotChocolate.Types": "14.3.0"
        }
      },
      "HotChocolate.Types.Shared": {
        "type": "Transitive",
        "resolved": "14.3.0",
        "contentHash": "2fGnbioKpAaF/oGugWwOgsJYaEspja+US1pMVjZLo0DVRRwh/CA9sLYoIs3T/7XUU9QZie8LGEA5nWD9wQisZA==",
        "dependencies": {
          "HotChocolate.Language.SyntaxTree": "14.3.0"
        }
      },
      "HotChocolate.Utilities": {
        "type": "Transitive",
        "resolved": "14.3.0",
        "contentHash": "N1bZqw3NRiFkUwFqCcTx/7/F11E2Z5q4mJ5H+Rbjs1GyYt+ebf9xdiKu0f7ZiHqr73OyBZcFSh3TNGOyrxIQbg==",
        "dependencies": {
          "Microsoft.Extensions.DependencyInjection.Abstractions": "8.0.0"
        }
      },
      "HotChocolate.Utilities.DependencyInjection": {
        "type": "Transitive",
        "resolved": "14.3.0",
        "contentHash": "0vL3s2xLYOoJgM0IVAnfo73tgTXo2j5J+ygh4VkPIaKqFyxqBGuUwVaSNFE6a6resZiwIsdnV0fZW+OfCD/OrA==",
        "dependencies": {
          "Microsoft.Extensions.DependencyInjection": "8.0.0"
        }
      },
      "HotChocolate.Validation": {
        "type": "Transitive",
        "resolved": "14.3.0",
        "contentHash": "hVZtHAS5+LgrdiOVIxMChTRRsqyfHwTW9ebhl6h4175PZO4w/xV2KXnELMkbIXQ3RTRFwJa0QXneiBJaGOHZZg==",
        "dependencies": {
          "HotChocolate.Types": "14.3.0",
          "Microsoft.Extensions.DependencyInjection.Abstractions": "8.0.0",
          "Microsoft.Extensions.Options": "8.0.0"
        }
      },
      "HtmlSanitizer": {
        "type": "Transitive",
        "resolved": "8.1.870",
        "contentHash": "bQWYaKg8PrlgnhM9sPALl0UorpjWQkPTQiSTVyvm8imqF9lCLqBmtC0adUDi8xUYcdg6SJC+aHCw1MOjcg+Wnw==",
        "dependencies": {
          "AngleSharp": "[0.17.1]",
          "AngleSharp.Css": "[0.17.0]",
          "System.Collections.Immutable": "8.0.0"
        }
      },
      "Magick.NET-Q8-AnyCPU": {
        "type": "Transitive",
        "resolved": "14.4.0",
        "contentHash": "4f/6tga1izjCm29qGlPlTc7txquzd5cOgRFuCD6fh7tu+QS4Rd6gZpvRwrIb4e/Y0pE1JQyF2j4RRmQ23T8BLA==",
        "dependencies": {
          "Magick.NET.Core": "14.4.0"
        }
      },
      "Magick.NET.Core": {
        "type": "Transitive",
        "resolved": "14.4.0",
        "contentHash": "nmSA3LWK77rZlQ085RBqFLr67GVFyz4mAcuiVGQ9LcNwbxUm4Zcte4D9N+TxAyew6CXzoyHAG3i7NeDgpuztWw=="
      },
      "MailKit": {
        "type": "Transitive",
        "resolved": "4.9.0",
        "contentHash": "wRUVzYXRWbjdUixwtSp7ivVHPhWw17h+BvwIVaouBike68B56Xk9b5+QRT39EK/QN8XF7MtOgt9caHvUaCvhIQ==",
        "dependencies": {
          "MimeKit": "4.9.0",
          "System.Formats.Asn1": "8.0.1"
        }
      },
      "MediatR.Contracts": {
        "type": "Transitive",
        "resolved": "2.0.1",
        "contentHash": "FYv95bNT4UwcNA+G/J1oX5OpRiSUxteXaUt2BJbRSdRNiIUNbggJF69wy6mnk2wYToaanpdXZdCwVylt96MpwQ=="
      },
      "Microsoft.Bcl.AsyncInterfaces": {
        "type": "Transitive",
        "resolved": "6.0.0",
        "contentHash": "UcSjPsst+DfAdJGVDsu346FX0ci0ah+lw3WRtn18NUwEqRt70HaOQ7lI72vy3+1LxtqI3T5GWwV39rQSrCzAeg=="
      },
      "Microsoft.Bcl.Cryptography": {
        "type": "Transitive",
        "resolved": "8.0.0",
        "contentHash": "Y3t/c7C5XHJGFDnohjf1/9SYF3ZOfEU1fkNQuKg/dGf9hN18yrQj2owHITGfNS3+lKJdW6J4vY98jYu57jCO8A=="
      },
      "Microsoft.Data.SqlClient.SNI.runtime": {
        "type": "Transitive",
        "resolved": "6.0.1",
        "contentHash": "M0kapuDf0brMsH9gkESGtBorrscL61DLg4ADgAQ/izUg0r/WCzCB7XSuPu+A/d109nF7ogizarHzELhw8GdoXw=="
      },
      "Microsoft.Extensions.Caching.Abstractions": {
        "type": "Transitive",
        "resolved": "8.0.0",
        "contentHash": "3KuSxeHoNYdxVYfg2IRZCThcrlJ1XJqIXkAWikCsbm5C/bCjv7G0WoKDyuR98Q+T607QT2Zl5GsbGRkENcV2yQ==",
        "dependencies": {
          "Microsoft.Extensions.Primitives": "8.0.0"
        }
      },
      "Microsoft.Extensions.Caching.Memory": {
        "type": "Transitive",
        "resolved": "8.0.1",
        "contentHash": "HFDnhYLccngrzyGgHkjEDU5FMLn4MpOsr5ElgsBMC4yx6lJh4jeWO7fHS8+TXPq+dgxCmUa/Trl8svObmwW4QA==",
        "dependencies": {
          "Microsoft.Extensions.Caching.Abstractions": "8.0.0",
          "Microsoft.Extensions.DependencyInjection.Abstractions": "8.0.2",
          "Microsoft.Extensions.Logging.Abstractions": "8.0.2",
          "Microsoft.Extensions.Options": "8.0.2",
          "Microsoft.Extensions.Primitives": "8.0.0"
        }
      },
      "Microsoft.Extensions.Configuration": {
        "type": "Transitive",
        "resolved": "8.0.0",
        "contentHash": "0J/9YNXTMWSZP2p2+nvl8p71zpSwokZXZuJW+VjdErkegAnFdO1XlqtA62SJtgVYHdKu3uPxJHcMR/r35HwFBA==",
        "dependencies": {
          "Microsoft.Extensions.Configuration.Abstractions": "8.0.0",
          "Microsoft.Extensions.Primitives": "8.0.0"
        }
      },
      "Microsoft.Extensions.Configuration.Abstractions": {
        "type": "Transitive",
        "resolved": "8.0.0",
        "contentHash": "3lE/iLSutpgX1CC0NOW70FJoGARRHbyKmG7dc0klnUZ9Dd9hS6N/POPWhKhMLCEuNN5nXEY5agmlFtH562vqhQ==",
        "dependencies": {
          "Microsoft.Extensions.Primitives": "8.0.0"
        }
      },
      "Microsoft.Extensions.Configuration.Binder": {
        "type": "Transitive",
        "resolved": "8.0.0",
        "contentHash": "mBMoXLsr5s1y2zOHWmKsE9veDcx8h1x/c3rz4baEdQKTeDcmQAPNbB54Pi/lhFO3K431eEq6PFbMgLaa6PHFfA==",
        "dependencies": {
          "Microsoft.Extensions.Configuration.Abstractions": "8.0.0"
        }
      },
      "Microsoft.Extensions.DependencyInjection": {
        "type": "Transitive",
        "resolved": "8.0.1",
        "contentHash": "BmANAnR5Xd4Oqw7yQ75xOAYODybZQRzdeNucg7kS5wWKd2PNnMdYtJ2Vciy0QLylRmv42DGl5+AFL9izA6F1Rw==",
        "dependencies": {
          "Microsoft.Extensions.DependencyInjection.Abstractions": "8.0.2"
        }
      },
      "Microsoft.Extensions.DependencyInjection.Abstractions": {
        "type": "Transitive",
        "resolved": "8.0.2",
        "contentHash": "3iE7UF7MQkCv1cxzCahz+Y/guQbTqieyxyaWKhrRO91itI9cOKO76OHeQDahqG4MmW5umr3CcCvGmK92lWNlbg=="
      },
      "Microsoft.Extensions.Diagnostics.Abstractions": {
        "type": "Transitive",
        "resolved": "8.0.1",
        "contentHash": "elH2vmwNmsXuKmUeMQ4YW9ldXiF+gSGDgg1vORksob5POnpaI6caj1Hu8zaYbEuibhqCoWg0YRWDazBY3zjBfg==",
        "dependencies": {
          "Microsoft.Extensions.DependencyInjection.Abstractions": "8.0.2",
          "Microsoft.Extensions.Options": "8.0.2"
        }
      },
      "Microsoft.Extensions.FileProviders.Abstractions": {
        "type": "Transitive",
        "resolved": "8.0.0",
        "contentHash": "ZbaMlhJlpisjuWbvXr4LdAst/1XxH3vZ6A0BsgTphZ2L4PGuxRLz7Jr/S7mkAAnOn78Vu0fKhEgNF5JO3zfjqQ==",
        "dependencies": {
          "Microsoft.Extensions.Primitives": "8.0.0"
        }
      },
      "Microsoft.Extensions.FileProviders.Embedded": {
        "type": "Transitive",
        "resolved": "8.0.12",
        "contentHash": "z4YsUmO6WTImfgWLSSsOzTNPmtJbDp/vnNl1IqgV86w+MycdXXalLgIDfCMrjKwAmQtPdjWj/q0qoFgTfzht5w==",
        "dependencies": {
          "Microsoft.Extensions.FileProviders.Abstractions": "8.0.0"
        }
      },
      "Microsoft.Extensions.FileProviders.Physical": {
        "type": "Transitive",
        "resolved": "8.0.0",
        "contentHash": "UboiXxpPUpwulHvIAVE36Knq0VSHaAmfrFkegLyBZeaADuKezJ/AIXYAW8F5GBlGk/VaibN2k/Zn1ca8YAfVdA==",
        "dependencies": {
          "Microsoft.Extensions.FileProviders.Abstractions": "8.0.0",
          "Microsoft.Extensions.FileSystemGlobbing": "8.0.0",
          "Microsoft.Extensions.Primitives": "8.0.0"
        }
      },
      "Microsoft.Extensions.FileSystemGlobbing": {
        "type": "Transitive",
        "resolved": "8.0.0",
        "contentHash": "OK+670i7esqlQrPjdIKRbsyMCe9g5kSLpRRQGSr4Q58AOYEe/hCnfLZprh7viNisSUUQZmMrbbuDaIrP+V1ebQ=="
      },
      "Microsoft.Extensions.Hosting.Abstractions": {
        "type": "Transitive",
        "resolved": "8.0.1",
        "contentHash": "nHwq9aPBdBPYXPti6wYEEfgXddfBrYC+CQLn+qISiwQq5tpfaqDZSKOJNxoe9rfQxGf1c+2wC/qWFe1QYJPYqw==",
        "dependencies": {
          "Microsoft.Extensions.Configuration.Abstractions": "8.0.0",
          "Microsoft.Extensions.DependencyInjection.Abstractions": "8.0.2",
          "Microsoft.Extensions.Diagnostics.Abstractions": "8.0.1",
          "Microsoft.Extensions.FileProviders.Abstractions": "8.0.0",
          "Microsoft.Extensions.Logging.Abstractions": "8.0.2"
        }
      },
      "Microsoft.Extensions.Localization": {
        "type": "Transitive",
        "resolved": "8.0.12",
        "contentHash": "Ef7P8kpJzX/khXB8oYxt3vFHXw48uWY+NirCrh8u8gokCHxr/Noc3OxME+Ji1ugqoMvUVSPu73mYctmUMDlOCA==",
        "dependencies": {
          "Microsoft.Extensions.DependencyInjection.Abstractions": "8.0.2",
          "Microsoft.Extensions.Localization.Abstractions": "8.0.12",
          "Microsoft.Extensions.Logging.Abstractions": "8.0.2",
          "Microsoft.Extensions.Options": "8.0.2"
        }
      },
      "Microsoft.Extensions.Localization.Abstractions": {
        "type": "Transitive",
        "resolved": "8.0.12",
        "contentHash": "bgwe0gy9v12hr6gLAXIeEWaTYm295Nfmp7B/DLmS75GBJXvs4JHn7pi8gn3jXMNNkNIkx9iWG+pXKmLAmjdGZg=="
      },
      "Microsoft.Extensions.Logging.Abstractions": {
        "type": "Transitive",
        "resolved": "8.0.2",
        "contentHash": "nroMDjS7hNBPtkZqVBbSiQaQjWRDxITI8Y7XnDs97rqG3EbzVTNLZQf7bIeUJcaHOV8bca47s1Uxq94+2oGdxA==",
        "dependencies": {
          "Microsoft.Extensions.DependencyInjection.Abstractions": "8.0.2"
        }
      },
      "Microsoft.Extensions.ObjectPool": {
        "type": "Transitive",
        "resolved": "8.0.0",
        "contentHash": "4pm+XgxSukskwjzDDfSjG4KNUIOdFF2VaqZZDtTzoyQMOVSnlV6ZM8a9aVu5dg9LVZTB//utzSc8fOi0b0Mb2Q=="
      },
      "Microsoft.Extensions.Options": {
        "type": "Transitive",
        "resolved": "8.0.2",
        "contentHash": "dWGKvhFybsaZpGmzkGCbNNwBD1rVlWzrZKANLW/CcbFJpCEceMCGzT7zZwHOGBCbwM0SzBuceMj5HN1LKV1QqA==",
        "dependencies": {
          "Microsoft.Extensions.DependencyInjection.Abstractions": "8.0.0",
          "Microsoft.Extensions.Primitives": "8.0.0"
        }
      },
      "Microsoft.Extensions.Options.ConfigurationExtensions": {
        "type": "Transitive",
        "resolved": "8.0.0",
        "contentHash": "0f4DMRqEd50zQh+UyJc+/HiBsZ3vhAQALgdkcQEalSH1L2isdC7Yj54M3cyo5e+BeO5fcBQ7Dxly8XiBBcvRgw==",
        "dependencies": {
          "Microsoft.Extensions.Configuration.Abstractions": "8.0.0",
          "Microsoft.Extensions.Configuration.Binder": "8.0.0",
          "Microsoft.Extensions.DependencyInjection.Abstractions": "8.0.0",
          "Microsoft.Extensions.Options": "8.0.0",
          "Microsoft.Extensions.Primitives": "8.0.0"
        }
      },
      "Microsoft.Extensions.Primitives": {
        "type": "Transitive",
        "resolved": "8.0.0",
        "contentHash": "bXJEZrW9ny8vjMF1JV253WeLhpEVzFo1lyaZu1vQ4ZxWUlVvknZ/+ftFgVheLubb4eZPSwwxBeqS1JkCOjxd8g=="
      },
      "Microsoft.Identity.Client": {
        "type": "Transitive",
        "resolved": "4.61.3",
        "contentHash": "naJo/Qm35Caaoxp5utcw+R8eU8ZtLz2ALh8S+gkekOYQ1oazfCQMWVT4NJ/FnHzdIJlm8dMz0oMpMGCabx5odA==",
        "dependencies": {
          "Microsoft.IdentityModel.Abstractions": "6.35.0",
          "System.Diagnostics.DiagnosticSource": "6.0.1"
        }
      },
      "Microsoft.Identity.Client.Extensions.Msal": {
        "type": "Transitive",
        "resolved": "4.61.3",
        "contentHash": "PWnJcznrSGr25MN8ajlc2XIDW4zCFu0U6FkpaNLEWLgd1NgFCp5uDY3mqLDgM8zCN8hqj8yo5wHYfLB2HjcdGw==",
        "dependencies": {
          "Microsoft.Identity.Client": "4.61.3",
          "System.Security.Cryptography.ProtectedData": "4.5.0"
        }
      },
      "Microsoft.IdentityModel.Abstractions": {
        "type": "Transitive",
        "resolved": "7.5.0",
        "contentHash": "seOFPaBQh2K683eFujAuDsrO2XbOA+SvxRli+wu7kl+ZymuGQzjmmUKfyFHmDazpPOBnmOX1ZnjX7zFDZHyNIA=="
      },
      "Microsoft.IdentityModel.JsonWebTokens": {
        "type": "Transitive",
        "resolved": "7.5.0",
        "contentHash": "mfyiGptbcH+oYrzAtWWwuV+7MoM0G0si+9owaj6DGWInhq/N/KDj/pWHhq1ShdmBu332gjP+cppjgwBpsOj7Fg==",
        "dependencies": {
          "Microsoft.IdentityModel.Tokens": "7.5.0"
        }
      },
      "Microsoft.IdentityModel.Logging": {
        "type": "Transitive",
        "resolved": "7.5.0",
        "contentHash": "3BInZEajJvnTDP/YRrmJ3Fyw8XAWWR9jG+3FkhhzRJJYItVL+BEH9qlgxSmtrxp7S7N6TOv+Y+X8BG61viiehQ==",
        "dependencies": {
          "Microsoft.IdentityModel.Abstractions": "7.5.0"
        }
      },
      "Microsoft.IdentityModel.Protocols": {
        "type": "Transitive",
        "resolved": "7.5.0",
        "contentHash": "ugyb0Nm+I+UrHGYg28mL8oCV31xZrOEbs8fQkcShUoKvgk22HroD2odCnqEf56CoAFYTwoDExz8deXzrFC+TyA==",
        "dependencies": {
          "Microsoft.IdentityModel.Tokens": "7.5.0"
        }
      },
      "Microsoft.IdentityModel.Protocols.OpenIdConnect": {
        "type": "Transitive",
        "resolved": "7.5.0",
        "contentHash": "/U3I/8uutTqZr2n/zt0q08bluYklq+5VWP7ZuOGpTUR1ln5bSbrexAzdSGzrhxTxNNbHMCU8Mn2bNQvcmehAxg==",
        "dependencies": {
          "Microsoft.IdentityModel.Protocols": "7.5.0",
          "System.IdentityModel.Tokens.Jwt": "7.5.0"
        }
      },
      "Microsoft.IdentityModel.Tokens": {
        "type": "Transitive",
        "resolved": "7.5.0",
        "contentHash": "owe33wqe0ZbwBxM3D90I0XotxNyTdl85jud03d+OrUOJNnTiqnYePwBk3WU9yW0Rk5CYX+sfSim7frmu6jeEzQ==",
        "dependencies": {
          "Microsoft.IdentityModel.Logging": "7.5.0"
        }
      },
      "Microsoft.SqlServer.Server": {
        "type": "Transitive",
        "resolved": "1.0.0",
        "contentHash": "N4KeF3cpcm1PUHym1RmakkzfkEv3GRMyofVv40uXsQhCQeglr2OHNcUk2WOG51AKpGO8ynGpo9M/kFXSzghwug=="
      },
      "MimeKit": {
        "type": "Transitive",
        "resolved": "4.9.0",
        "contentHash": "DZXXMZzmAABDxFhOSMb6SE8KKxcRd/sk1E6aJTUE5ys2FWOQhznYV2Gl3klaaSfqKn27hQ32haqquH1J8Z6kJw==",
        "dependencies": {
          "BouncyCastle.Cryptography": "2.5.0",
          "System.Formats.Asn1": "8.0.1",
          "System.Security.Cryptography.Pkcs": "8.0.1"
        }
      },
      "Mono.Cecil": {
        "type": "Transitive",
        "resolved": "0.11.6",
        "contentHash": "f33RkDtZO8VlGXCtmQIviOtxgnUdym9xx/b1p9h91CRGOsJFxCFOFK1FDbVt1OCf1aWwYejUFa2MOQyFWTFjbA=="
      },
      "Newtonsoft.Json": {
        "type": "Transitive",
        "resolved": "13.0.3",
        "contentHash": "HrC5BXdl00IP9zeV+0Z848QWPAoCr9P3bDEZguI+gkLcBKAOxix/tLEAAHC+UvDNPv4a2d18lOReHMOagPa+zQ=="
      },
      "System.Buffers": {
        "type": "Transitive",
        "resolved": "4.5.1",
        "contentHash": "Rw7ijyl1qqRS0YQD/WycNst8hUUMgrMH4FCn1nNm27M4VxchZ1js3fVjQaANHO5f3sN4isvP4a+Met9Y4YomAg=="
      },
      "System.ClientModel": {
        "type": "Transitive",
        "resolved": "1.0.0",
        "contentHash": "I3CVkvxeqFYjIVEP59DnjbeoGNfo/+SZrCLpRz2v/g0gpCHaEMPtWSY0s9k/7jR1rAsLNg2z2u1JRB76tPjnIw==",
        "dependencies": {
          "System.Memory.Data": "1.0.2",
          "System.Text.Json": "4.7.2"
        }
      },
      "System.CodeDom": {
        "type": "Transitive",
        "resolved": "8.0.0",
        "contentHash": "WTlRjL6KWIMr/pAaq3rYqh0TJlzpouaQ/W1eelssHgtlwHAH25jXTkUphTYx9HaIIf7XA6qs/0+YhtLEQRkJ+Q=="
      },
      "System.Collections.Immutable": {
        "type": "Transitive",
        "resolved": "8.0.0",
        "contentHash": "AurL6Y5BA1WotzlEvVaIDpqzpIPvYnnldxru8oXJU2yFxFUy3+pNXjXd1ymO+RA0rq0+590Q8gaz2l3Sr7fmqg=="
      },
      "System.Diagnostics.DiagnosticSource": {
        "type": "Transitive",
        "resolved": "6.0.1",
        "contentHash": "KiLYDu2k2J82Q9BJpWiuQqCkFjRBWVq4jDzKKWawVi9KWzyD0XG3cmfX0vqTQlL14Wi9EufJrbL0+KCLTbqWiQ==",
        "dependencies": {
          "System.Runtime.CompilerServices.Unsafe": "6.0.0"
        }
      },
      "System.Diagnostics.EventLog": {
        "type": "Transitive",
        "resolved": "8.0.1",
        "contentHash": "n1ZP7NM2Gkn/MgD8+eOT5MulMj6wfeQMNS2Pizvq5GHCZfjlFMXV2irQlQmJhwA2VABC57M0auudO89Iu2uRLg=="
      },
      "System.Formats.Asn1": {
        "type": "Transitive",
        "resolved": "8.0.1",
        "contentHash": "XqKba7Mm/koKSjKMfW82olQdmfbI5yqeoLV/tidRp7fbh5rmHAQ5raDI/7SU0swTzv+jgqtUGkzmFxuUg0it1A=="
      },
      "System.IdentityModel.Tokens.Jwt": {
        "type": "Transitive",
        "resolved": "7.5.0",
        "contentHash": "D0TtrWOfoPdyYSlvOGaU9F1QR+qrbgJ/4eiEsQkIz7YQKIKkGXQldXukn6cYG9OahSq5UVMvyAIObECpH6Wglg==",
        "dependencies": {
          "Microsoft.IdentityModel.JsonWebTokens": "7.5.0",
          "Microsoft.IdentityModel.Tokens": "7.5.0"
        }
      },
      "System.IO.Hashing": {
        "type": "Transitive",
        "resolved": "8.0.0",
        "contentHash": "ne1843evDugl0md7Fjzy6QjJrzsjh46ZKbhf8GwBXb5f/gw97J4bxMs0NQKifDuThh/f0bZ0e62NPl1jzTuRqA=="
      },
      "System.IO.Pipelines": {
        "type": "Transitive",
        "resolved": "8.0.0",
        "contentHash": "FHNOatmUq0sqJOkTx+UF/9YK1f180cnW5FVqnQMvYUN0elp6wFzbtPSiqbo1/ru8ICp43JM1i7kKkk6GsNGHlA=="
      },
      "System.Memory": {
        "type": "Transitive",
        "resolved": "4.5.4",
        "contentHash": "1MbJTHS1lZ4bS4FmsJjnuGJOu88ZzTT2rLvrhW7Ygic+pC0NWA+3hgAen0HRdsocuQXCkUTdFn9yHJJhsijDXw=="
      },
      "System.Memory.Data": {
        "type": "Transitive",
        "resolved": "1.0.2",
        "contentHash": "JGkzeqgBsiZwKJZ1IxPNsDFZDhUvuEdX8L8BDC8N3KOj+6zMcNU28CNN59TpZE/VJYy9cP+5M+sbxtWJx3/xtw==",
        "dependencies": {
          "System.Text.Encodings.Web": "4.7.2",
          "System.Text.Json": "4.6.0"
        }
      },
      "System.Numerics.Vectors": {
        "type": "Transitive",
        "resolved": "4.5.0",
        "contentHash": "QQTlPTl06J/iiDbJCiepZ4H//BVraReU4O4EoRw1U02H5TLUIT7xn3GnDp9AXPSlJUDyFs4uWjWafNX6WrAojQ=="
      },
      "System.Runtime.CompilerServices.Unsafe": {
        "type": "Transitive",
        "resolved": "6.0.0",
        "contentHash": "/iUeP3tq1S0XdNNoMz5C9twLSrM/TH+qElHkXWaPvuNOt+99G75NrV0OS2EqHx5wMN7popYjpc8oTjC1y16DLg=="
      },
      "System.Security.Cryptography.Pkcs": {
        "type": "Transitive",
        "resolved": "8.0.1",
        "contentHash": "CoCRHFym33aUSf/NtWSVSZa99dkd0Hm7OCZUxORBjRB16LNhIEOf8THPqzIYlvKM0nNDAPTRBa1FxEECrgaxxA=="
      },
      "System.Security.Cryptography.ProtectedData": {
        "type": "Transitive",
        "resolved": "8.0.0",
        "contentHash": "+TUFINV2q2ifyXauQXRwy4CiBhqvDEDZeVJU7qfxya4aRYOKzVBpN+4acx25VcPB9ywUN6C0n8drWl110PhZEg=="
      },
      "System.Text.Encoding.CodePages": {
        "type": "Transitive",
        "resolved": "6.0.0",
        "contentHash": "ZFCILZuOvtKPauZ/j/swhvw68ZRi9ATCfvGbk1QfydmcXBkIWecWKn/250UH7rahZ5OoDBaiAudJtPvLwzw85A==",
        "dependencies": {
          "System.Runtime.CompilerServices.Unsafe": "6.0.0"
        }
      },
      "System.Text.Encodings.Web": {
        "type": "Transitive",
        "resolved": "4.7.2",
        "contentHash": "iTUgB/WtrZ1sWZs84F2hwyQhiRH6QNjQv2DkwrH+WP6RoFga2Q1m3f9/Q7FG8cck8AdHitQkmkXSY8qylcDmuA=="
      },
      "System.Text.Json": {
        "type": "Transitive",
        "resolved": "8.0.5",
        "contentHash": "0f1B50Ss7rqxXiaBJyzUu9bWFOO2/zSlifZ/UNMdiIpDYe4cY4LQQicP4nirK1OS31I43rn062UIJ1Q9bpmHpg=="
      },
      "System.Threading.Tasks.Extensions": {
        "type": "Transitive",
        "resolved": "4.5.4",
        "contentHash": "zteT+G8xuGu6mS+mzDzYXbzS7rd3K6Fjb9RiZlYlJPam2/hU7JCBZBVEcywNuR+oZ1ncTvc/cq0faRr3P01OVg=="
      },
      "Yarp.ReverseProxy": {
        "type": "Transitive",
        "resolved": "2.2.0",
        "contentHash": "t16Z+OplJEElJy1Q6t12EwMGF2BeLw8IKjD1ema7ewbCRaMqeVIRPZo3MlxidnRFRK+tV6II8tKYX+7N5ZS98A==",
        "dependencies": {
          "System.IO.Hashing": "8.0.0"
        }
      },
      "AngleSharp": {
        "type": "CentralTransitive",
        "requested": "[1.2.0, )",
        "resolved": "0.17.1",
        "contentHash": "5MPI4bbixlwxb0W/smOMeIR+QlxMy5/5jD+WnIAw4pBC+7AhLPe5bS3cLgQMJyvd6q0A48sG+uYOt/ep406GLA==",
        "dependencies": {
          "System.Buffers": "4.5.1",
          "System.Text.Encoding.CodePages": "6.0.0"
        }
      },
      "Kentico.Xperience.Core": {
        "type": "CentralTransitive",
        "requested": "[30.1.0, )",
        "resolved": "30.1.0",
        "contentHash": "XNtJ4aPbQ/TK059+JCEbnnFBdCVQFaI6detZd8N7+XtqHmPsF4DMr5NlL72UDGzJsIYkci0OwkIcU7HQP+fZVQ==",
        "dependencies": {
          "AngleSharp": "0.17.1",
          "Magick.NET-Q8-AnyCPU": "14.4.0",
          "MailKit": "4.9.0",
          "Microsoft.Data.SqlClient": "6.0.0",
          "Microsoft.Extensions.Caching.Memory": "8.0.1",
          "Microsoft.Extensions.Configuration": "8.0.0",
          "Microsoft.Extensions.DependencyInjection": "8.0.1",
          "Microsoft.Extensions.FileProviders.Physical": "8.0.0",
          "Microsoft.Extensions.Hosting.Abstractions": "8.0.1",
          "Microsoft.Extensions.Localization": "8.0.12",
          "Microsoft.Extensions.Options.ConfigurationExtensions": "8.0.0",
          "Mono.Cecil": "0.11.6",
          "Newtonsoft.Json": "13.0.3",
          "System.CodeDom": "8.0.0"
        }
      },
      "Microsoft.Data.SqlClient": {
        "type": "CentralTransitive",
        "requested": "[6.0.0, )",
        "resolved": "6.0.0",
        "contentHash": "r/ttLk2Uh+PVFXpZCRptpPZWoUzEkP6LWaQB1b1SaS9oMdtizYbkNGtBqeqtSnJZLEJDOWyXQFKNpEbJd8avpg==",
        "dependencies": {
          "Azure.Identity": "1.11.4",
          "Microsoft.Bcl.Cryptography": "8.0.0",
          "Microsoft.Data.SqlClient.SNI.runtime": "6.0.1",
          "Microsoft.Extensions.Caching.Memory": "8.0.1",
          "Microsoft.IdentityModel.JsonWebTokens": "7.5.0",
          "Microsoft.IdentityModel.Protocols.OpenIdConnect": "7.5.0",
          "Microsoft.SqlServer.Server": "1.0.0",
          "System.Configuration.ConfigurationManager": "8.0.1",
          "System.Security.Cryptography.Pkcs": "8.0.1"
        }
      },
      "System.Configuration.ConfigurationManager": {
        "type": "CentralTransitive",
        "requested": "[8.0.1, )",
        "resolved": "8.0.1",
        "contentHash": "gPYFPDyohW2gXNhdQRSjtmeS6FymL2crg4Sral1wtvEJ7DUqFCDWDVbbLobASbzxfic8U1hQEdC7hmg9LHncMw==",
        "dependencies": {
          "System.Diagnostics.EventLog": "8.0.1",
          "System.Security.Cryptography.ProtectedData": "8.0.0"
        }
      }
    }
  }
}