{
  "version": 2,
  "dependencies": {
    "net10.0": {
      "CsvHelper": {
        "type": "Direct",
        "requested": "[33.1.0, )",
        "resolved": "33.1.0",
        "contentHash": "kqfTOZGrn7NarNeXgjh86JcpTHUoeQDMB8t9NVa/ZtlSYiV1rxfRnQ49WaJsob4AiGrbK0XDzpyKkBwai4F8eg=="
      },
      "Kentico.Xperience.Admin": {
        "type": "Direct",
        "requested": "[31.5.1, )",
        "resolved": "31.5.1",
        "contentHash": "kKbNYnUnTpDTqgrrsOFPp436/7SwwPC0bn/0+gfU5htADEtLzObAn2vags3183GYgbu+DD0nruGHgPvo+XYTAQ==",
        "dependencies": {
          "Kentico.Aira.Client": "6.1.0",
          "Kentico.Xperience.WebApp": "[31.5.1]",
          "Microsoft.AspNetCore.SpaServices.Extensions": "8.0.26",
          "Microsoft.Extensions.FileProviders.Embedded": "8.0.26",
          "Microsoft.SemanticKernel": "1.75.0",
          "Microsoft.SemanticKernel.Agents.Core": "1.75.0",
          "Microsoft.SemanticKernel.Connectors.AzureOpenAI": "1.75.0",
          "NJsonSchema": "11.6.1"
        }
      },
      "Magick.NET-Q8-AnyCPU": {
        "type": "Direct",
        "requested": "[14.13.1, )",
        "resolved": "14.13.1",
        "contentHash": "Naw4lYw9Mv+Tnd67H2Un+joZsZTWmbo7A4kycoosM6JnclMXb+ZNRbCqgvMRA6wAEJfybFDiP5NauLgL4xkyXA==",
        "dependencies": {
          "Magick.NET.Core": "14.13.1"
        }
      },
      "AngleSharp.Css": {
        "type": "Transitive",
        "resolved": "0.17.0",
        "contentHash": "bg0AcugmX6BFEi/DHG61QrwRU8iuiX4H8LZehdIzYdqOM/dgb3BsCTzNIcc1XADn4+xfQEdVwJYTSwUxroL4vg==",
        "dependencies": {
          "AngleSharp": "[0.17.0, 0.18.0)"
        }
      },
      "Azure.AI.OpenAI": {
        "type": "Transitive",
        "resolved": "2.9.0-beta.1",
        "contentHash": "CgIYDuCSOFx+yPuCdK7iz71OW2envfVeIE/YoNYK+mhr6bxgIJV6jfBF+mV9aHDQ6KVQjeSL6OZ7x90XrvsoRg==",
        "dependencies": {
          "Azure.Core": "1.51.1",
          "OpenAI": "2.9.1"
        }
      },
      "Azure.Core": {
        "type": "Transitive",
        "resolved": "1.51.1",
        "contentHash": "JRANrRvN5O5FFRh+pMUb8qqWU7jBQ39qXEbVr7Rkb1/s7rqc6RSzVHKGBz5Ro1gDy2WSGjG5YEOJKpPIBiCMcA==",
        "dependencies": {
          "Microsoft.Bcl.AsyncInterfaces": "10.0.2",
          "System.ClientModel": "1.9.0",
          "System.Memory.Data": "10.0.1"
        }
      },
      "BouncyCastle.Cryptography": {
        "type": "Transitive",
        "resolved": "2.6.2",
        "contentHash": "7oWOcvnntmMKNzDLsdxAYqApt+AjpRpP2CShjMfIa3umZ42UQMvH0tl1qAliYPNYO6vTdcGMqnRrCPmsfzTI1w=="
      },
      "ChilliCream.Nitro.App": {
        "type": "Transitive",
        "resolved": "28.0.7",
        "contentHash": "G6CZod8ForeoVMXigRyAxTTqiiUYcppE85UY/zy4XLMunpF1Ginn5njWK+F+93bw3x5SssPR/fexEpOtQqkVLw==",
        "dependencies": {
          "Yarp.ReverseProxy": "2.3.0"
        }
      },
      "CommandLineParser": {
        "type": "Transitive",
        "resolved": "2.9.1",
        "contentHash": "OE0sl1/sQ37bjVsPKKtwQlWDgqaxWgtme3xZz7JssWUzg5JpMIyHgCTY9MVMxOg48fJ1AgGT3tgdH5m/kQ5xhA=="
      },
      "GreenDonut": {
        "type": "Transitive",
        "resolved": "15.1.16",
        "contentHash": "Q8yE0BQ4BCtBo6BYfp9UluKeN8uCRJmkqUURYgwPy6+Ohaz20C1bdvhxLV8frlT46I4HpLjIzynT7nU95Z0axQ==",
        "dependencies": {
          "GreenDonut.Abstractions": "15.1.16"
        }
      },
      "GreenDonut.Abstractions": {
        "type": "Transitive",
        "resolved": "15.1.16",
        "contentHash": "Em9jCVx21HhjLGkMr1DeP+1H5KrmT9rZN8zpRgqYwzTvmgqgVkZheeTZpi6Zs5s8pq09WgztuIAn9N4ApAJ2hQ=="
      },
      "GreenDonut.Data": {
        "type": "Transitive",
        "resolved": "15.1.16",
        "contentHash": "2VJ7Rx56ymL530/qEIcvjts/a0C1CpVFnroaiZyXubTnugfjHpkI8UcCh++SXB7YehJA7j88JhlphdXCwAa6jQ==",
        "dependencies": {
          "GreenDonut": "15.1.16",
          "GreenDonut.Data.Abstractions": "15.1.16"
        }
      },
      "GreenDonut.Data.Abstractions": {
        "type": "Transitive",
        "resolved": "15.1.16",
        "contentHash": "DSd+WR/+QbGaYf4xSCVxOk5xOTk3gg3P9U3hAxSfk2OCW8oU+skvCsRxZkJzZWJoUmtQSlUe8o7g9hfClUCv9A==",
        "dependencies": {
          "GreenDonut.Abstractions": "15.1.16",
          "GreenDonut.Data.Primitives": "15.1.16"
        }
      },
      "GreenDonut.Data.Primitives": {
        "type": "Transitive",
        "resolved": "15.1.16",
        "contentHash": "5nDw4r4VJgtEtCvqjGUucmY4I4ZyBvOEvHB5wZic63ENuk3KUa3Z+zRY3dN5OTSkC8d2Jr8FdGOHfnlHvjV0tQ=="
      },
      "HotChocolate": {
        "type": "Transitive",
        "resolved": "15.1.16",
        "contentHash": "vE9NCcFXGaEha2XaP/qXQKk8b/iiSfCFN3HjdTMBSy6ojODubu72lFxddwSH93+ga3y6ojk+jxUQtvjvm6tTLQ==",
        "dependencies": {
          "HotChocolate.Authorization": "15.1.16",
          "HotChocolate.CostAnalysis": "15.1.16",
          "HotChocolate.Execution": "15.1.16",
          "HotChocolate.Execution.Projections": "15.1.16",
          "HotChocolate.Fetching": "15.1.16",
          "HotChocolate.Types": "15.1.16",
          "HotChocolate.Types.CursorPagination": "15.1.16",
          "HotChocolate.Types.CursorPagination.Extensions": "15.1.16",
          "HotChocolate.Types.Mutations": "15.1.16",
          "HotChocolate.Types.Queries": "15.1.16",
          "HotChocolate.Validation": "15.1.16"
        }
      },
      "HotChocolate.Abstractions": {
        "type": "Transitive",
        "resolved": "15.1.16",
        "contentHash": "8DbgmOdZDmmSRkRMfnAXXKbzBsT5PFT5baxkHYr0WdtoFSdplwD39k+XKKiyZz0WUdbEt0wCssD4ehsHQKXaHA==",
        "dependencies": {
          "HotChocolate.Primitives": "15.1.16"
        }
      },
      "HotChocolate.AspNetCore": {
        "type": "Transitive",
        "resolved": "15.1.16",
        "contentHash": "oUtDUupYXojHkocNcCbqP5tFD02BNoiVVPOmYaJXp78y9L2lR89OI5+mDK+QCw/qX2ftgR2LUG5/ElnccmmbmA==",
        "dependencies": {
          "ChilliCream.Nitro.App": "28.0.7",
          "HotChocolate": "15.1.16",
          "HotChocolate.Subscriptions.InMemory": "15.1.16",
          "HotChocolate.Transport.Sockets": "15.1.16",
          "HotChocolate.Types.Scalars.Upload": "15.1.16",
          "HotChocolate.Utilities.DependencyInjection": "15.1.16"
        }
      },
      "HotChocolate.Authorization": {
        "type": "Transitive",
        "resolved": "15.1.16",
        "contentHash": "xX5R5yCsYiO0bFcBrpjJu7hqT9O75ENzx72Gm1HIrbqPaCCbstS4q45T+qqHcBGYtJ7ZMu+5q3khQwtsMpIGWA==",
        "dependencies": {
          "HotChocolate.Execution": "15.1.16"
        }
      },
      "HotChocolate.CostAnalysis": {
        "type": "Transitive",
        "resolved": "15.1.16",
        "contentHash": "yDtsRHkHR3i1iTzKZCrJ/ZFk8GLF2Gb90ltSWkfPCP7eceekLRWj+MzgDSLlhxHbrH4EwPExrkXEQi5Tv/g8mA==",
        "dependencies": {
          "HotChocolate.Execution": "15.1.16",
          "HotChocolate.Types": "15.1.16"
        }
      },
      "HotChocolate.Data": {
        "type": "Transitive",
        "resolved": "15.1.16",
        "contentHash": "/+0beCf087GM1PjLQWweuGxShQ/Dg1JzPv1HcmZ59khPqwkbnY56JNBRNYSvvUsCrAROuJ3alIidqHsKiE8AMQ==",
        "dependencies": {
          "GreenDonut.Data": "15.1.16",
          "GreenDonut.Data.Abstractions": "15.1.16",
          "GreenDonut.Data.Primitives": "15.1.16",
          "HotChocolate.Execution": "15.1.16",
          "HotChocolate.Execution.Projections": "15.1.16",
          "HotChocolate.Types.CursorPagination": "15.1.16"
        }
      },
      "HotChocolate.Execution": {
        "type": "Transitive",
        "resolved": "15.1.16",
        "contentHash": "cv/4DChPhcZZ1K82IgtHafdR8nGU0ATDvrtWMz2tQMz7Rj1pPdfM4XcUZBs/ds0sL0fNXYVipfm+6++8GH3WBQ==",
        "dependencies": {
          "HotChocolate.Abstractions": "15.1.16",
          "HotChocolate.Execution.Abstractions": "15.1.16",
          "HotChocolate.Fetching": "15.1.16",
          "HotChocolate.Types": "15.1.16",
          "HotChocolate.Utilities.DependencyInjection": "15.1.16",
          "HotChocolate.Validation": "15.1.16"
        }
      },
      "HotChocolate.Execution.Abstractions": {
        "type": "Transitive",
        "resolved": "15.1.16",
        "contentHash": "0OhQayNTfdZxw4oD7lPqiqvV+yHBO1M3xLMNfxvn+WXxNf5rnT8aMM4Z4Bj9j5wk0q87fiLVG1jfTd0P1b6WrQ==",
        "dependencies": {
          "HotChocolate.Abstractions": "15.1.16"
        }
      },
      "HotChocolate.Execution.Projections": {
        "type": "Transitive",
        "resolved": "15.1.16",
        "contentHash": "uTPy+Fqcdq/3ETROKy+Ruzuhajm3/LZ30SQD5PvZmotSHCzh0pPSczQdwuq9BmKT93nBBM6/o+ppui6n9XWRIQ==",
        "dependencies": {
          "GreenDonut.Data": "15.1.16",
          "GreenDonut.Data.Abstractions": "15.1.16",
          "GreenDonut.Data.Primitives": "15.1.16",
          "HotChocolate.Execution": "15.1.16"
        }
      },
      "HotChocolate.Features": {
        "type": "Transitive",
        "resolved": "15.1.16",
        "contentHash": "E7XQxBQ1cRfx9k0rOZit9P9QrxU81Wo8NWHzLDCcoQeITQpzFHX+BpWnZzwGTx+AsWfgN6bZDQRLz9TPUPFzdA=="
      },
      "HotChocolate.Fetching": {
        "type": "Transitive",
        "resolved": "15.1.16",
        "contentHash": "EasPlOmvp6eO+djSVYiI2Yueag0Fdn6H6C06kGGPoRnH9HB2cLQ0CzzFvhX2azIGZZ5KdcCZGsBaSDOCRSWlbQ==",
        "dependencies": {
          "GreenDonut": "15.1.16",
          "HotChocolate.Types": "15.1.16"
        }
      },
      "HotChocolate.Language": {
        "type": "Transitive",
        "resolved": "15.1.16",
        "contentHash": "wXVY4qBAp5xOwZd4HYNqWJ9xjlpFlUmbj0Fan74xbjJUHuj0J5eADiOKgj0ewy2aqgWMaGveY46gKOpD9RnctA==",
        "dependencies": {
          "HotChocolate.Language.SyntaxTree": "15.1.16",
          "HotChocolate.Language.Utf8": "15.1.16",
          "HotChocolate.Language.Visitors": "15.1.16",
          "HotChocolate.Language.Web": "15.1.16"
        }
      },
      "HotChocolate.Language.SyntaxTree": {
        "type": "Transitive",
        "resolved": "15.1.16",
        "contentHash": "ocyfnClIllgYHbmSLowKoQk7M620iSIy3ZRLkusVhUGJ0877Y5l9qdBy2jsczNct/OkR1pPSGs0FvKTedIgcgA=="
      },
      "HotChocolate.Language.Utf8": {
        "type": "Transitive",
        "resolved": "15.1.16",
        "contentHash": "5v8LZzOOVjP2zu7nSiG668YR229xHFwVt6ejHbD8VDWn1uhaHPMQ86+2D8NnenWVKAg9x3muOOMC4p2H61aWQw==",
        "dependencies": {
          "HotChocolate.Language.SyntaxTree": "15.1.16"
        }
      },
      "HotChocolate.Language.Visitors": {
        "type": "Transitive",
        "resolved": "15.1.16",
        "contentHash": "LGy1BHSkJRCpYLIT2bI/fvl1Pl4pSUOxwiis20A/DyPKMMvvDOyQy3kSYDSVvxJFkJ5yEtJTDWOvEEcZaSWL0g==",
        "dependencies": {
          "HotChocolate.Language.SyntaxTree": "15.1.16"
        }
      },
      "HotChocolate.Language.Web": {
        "type": "Transitive",
        "resolved": "15.1.16",
        "contentHash": "Tgv6iawNe4wt7cCPpkvQKI/4WCPKvcDvc38Bw95csvlm/N/D8W59VzS4LQzfYfSYzufkubRC+seI3n/5XQIACA==",
        "dependencies": {
          "HotChocolate.Language.Utf8": "15.1.16"
        }
      },
      "HotChocolate.Primitives": {
        "type": "Transitive",
        "resolved": "15.1.16",
        "contentHash": "/HNmJTXHgzZXA4Ey2gymBJenJ8k8hE3U8MAfcIgYPKcTVkw5urdyz1KnCIHUD3Q2I/aCHQf/8EuDkw4rhIKjqw==",
        "dependencies": {
          "HotChocolate.Language": "15.1.16"
        }
      },
      "HotChocolate.Subscriptions": {
        "type": "Transitive",
        "resolved": "15.1.16",
        "contentHash": "K5v7JCIHOUtezhMmbpOdhXYQWyXqUrPjUrXgAO2TaFue+NYvp9W1HHQkgmTWkK2E0G1YPnWW6gsDJhz1IhiQ7Q==",
        "dependencies": {
          "HotChocolate.Abstractions": "15.1.16",
          "HotChocolate.Execution.Abstractions": "15.1.16",
          "HotChocolate.Utilities": "15.1.16"
        }
      },
      "HotChocolate.Subscriptions.InMemory": {
        "type": "Transitive",
        "resolved": "15.1.16",
        "contentHash": "/znJTx/WF4mNqMob1jMc7RGqFCjYBAuN3kjXKYOO8zwQzie+480H/s6cHDOMnf+XMr35WnLL3tX5ku4M/kQRHA==",
        "dependencies": {
          "HotChocolate.Execution.Abstractions": "15.1.16",
          "HotChocolate.Subscriptions": "15.1.16"
        }
      },
      "HotChocolate.Transport.Sockets": {
        "type": "Transitive",
        "resolved": "15.1.16",
        "contentHash": "HXppfVGBEHCNEX5+NaGR+KQ6NGOLAFAaofy7q9avZiQ4GlLzuYXo1mGtrLw59vUoShfjr+gpHLAeFmv2r4a8vw=="
      },
      "HotChocolate.Types": {
        "type": "Transitive",
        "resolved": "15.1.16",
        "contentHash": "B0TVq9WN7pSr51okzIkK7o2QHgS/OzyXUibUN5O1uNUU25rUPzdMJa3SfbafVJW+Quf5zJss9LcRGPXFi6kMDQ==",
        "dependencies": {
          "GreenDonut": "15.1.16",
          "HotChocolate.Abstractions": "15.1.16",
          "HotChocolate.Features": "15.1.16",
          "HotChocolate.Types.Shared": "15.1.16",
          "HotChocolate.Utilities": "15.1.16"
        }
      },
      "HotChocolate.Types.CursorPagination": {
        "type": "Transitive",
        "resolved": "15.1.16",
        "contentHash": "42OF4kuAmU/Of2ZHo/VL2CJiGxwpMDvLWw0GadG9Wky+5LIo6prwjlxEkmzIIUAUvPsTPKXTXVDm/alGBXj47g==",
        "dependencies": {
          "HotChocolate.Execution.Abstractions": "15.1.16",
          "HotChocolate.Types": "15.1.16"
        }
      },
      "HotChocolate.Types.CursorPagination.Extensions": {
        "type": "Transitive",
        "resolved": "15.1.16",
        "contentHash": "TcvQv8jP9skv8LQBDeDkaGhUctrrNcKk5Z6o7A0yIEFfClDuEsuA6oeuI7lfopxJkh0gX6le/v8C0F0qN7R2+Q==",
        "dependencies": {
          "GreenDonut.Data": "15.1.16",
          "HotChocolate.Types.CursorPagination": "15.1.16"
        }
      },
      "HotChocolate.Types.Errors": {
        "type": "Transitive",
        "resolved": "15.1.16",
        "contentHash": "5Jzoo9xT6+uEynkBrPRr9rf2IKLd4jHMnPxneXGYP5WAP5QgrOZS2KONr3SktltTUxgwtW9mYxLjtZr9M5Anyw==",
        "dependencies": {
          "HotChocolate.Execution": "15.1.16"
        }
      },
      "HotChocolate.Types.Mutations": {
        "type": "Transitive",
        "resolved": "15.1.16",
        "contentHash": "LlhASjiyBWzAlHQk8GsjtlajQVM5ad6dRu7JH27okV8DFuWWb8EZBjnHhZ3H8gjBFfKH2B6yfPhxl12gZwG/TA==",
        "dependencies": {
          "HotChocolate.Execution": "15.1.16",
          "HotChocolate.Types.Errors": "15.1.16"
        }
      },
      "HotChocolate.Types.Queries": {
        "type": "Transitive",
        "resolved": "15.1.16",
        "contentHash": "RnacGF/L5zj+Ec5t49YHPIG3l03KyOONeLhUe6B4zZ0QT5ICX8zvnfEs0jx8iVgN0kfo4qjsbFlQqsgo4pbpsQ==",
        "dependencies": {
          "HotChocolate.Execution": "15.1.16",
          "HotChocolate.Types.Errors": "15.1.16"
        }
      },
      "HotChocolate.Types.Scalars.Upload": {
        "type": "Transitive",
        "resolved": "15.1.16",
        "contentHash": "nUTLSBbQ6MgpJWWx+YCXY+oo4yqPHrZG5VAHnHTmksnTJX+14QBjbZEFV+28giuH1KThc6fJ1pZsOze0YkWV9A==",
        "dependencies": {
          "HotChocolate.Types": "15.1.16"
        }
      },
      "HotChocolate.Types.Shared": {
        "type": "Transitive",
        "resolved": "15.1.16",
        "contentHash": "o7SIrHpAZ44TwtkvgP3lunRvwR8NMthNrab4bE64fqvmtyr50PCFjVSHyEB66TEam8juUHDy6nvM9YVqNbMD8A==",
        "dependencies": {
          "HotChocolate.Language.SyntaxTree": "15.1.16"
        }
      },
      "HotChocolate.Utilities": {
        "type": "Transitive",
        "resolved": "15.1.16",
        "contentHash": "/fM1uMU6UhEGh49NwxIKt12sDlO2Re6xRgf1M9gp7L/zFjC4pGvQgAqBjiyvTbgTNR3GWuWvdfnZ52qSsCndNQ=="
      },
      "HotChocolate.Utilities.DependencyInjection": {
        "type": "Transitive",
        "resolved": "15.1.16",
        "contentHash": "k5VOxLjFfuerpjRJPJoay4qLouBux7xogCCAqip9shgXHJUyQtKh/pwFDbnGNdsCI+Ik97SV8vGBtAlkrPj3RQ=="
      },
      "HotChocolate.Validation": {
        "type": "Transitive",
        "resolved": "15.1.16",
        "contentHash": "HrYNTdG4j2yXW8rJzGkvbnNSZpjIndR8SDPlXfYE7rn48aJLxSEKJ2Us7AdwmIwCMHSnoYsVV1jz0XAUze3nsw==",
        "dependencies": {
          "HotChocolate.Types": "15.1.16"
        }
      },
      "HtmlAgilityPack": {
        "type": "Transitive",
        "resolved": "1.12.4",
        "contentHash": "ljqvBabvFwKoLniuoQKO8b5bJfJweKLs4fUNS/V5dsvpo0A8MlJqxxn9XVmP2DaskbUXty6IYaWAi1SArGIMeQ=="
      },
      "HtmlSanitizer": {
        "type": "Transitive",
        "resolved": "9.0.892",
        "contentHash": "zdkMmpNCjTkxna8Y+jmPIFm2st+HjHrf32yNElFYwe7L4GmDm+mdKR6TzDyf6ewJ0RUUz84D4IkHNgrwGi4VbQ==",
        "dependencies": {
          "AngleSharp": "[0.17.1]",
          "AngleSharp.Css": "[0.17.0]"
        }
      },
      "Kentico.Aira.Client": {
        "type": "Transitive",
        "resolved": "6.1.0",
        "contentHash": "pwqf14diN8YZfFnHaUlx0Yg6c1YDu9AOCrsmHmbqNGeUn/M8XbZTq5WpDo0Fq2jSjmNbUasLVAtO5qQVuqxTwA==",
        "dependencies": {
          "Azure.Core": "1.47.1",
          "Microsoft.IdentityModel.JsonWebTokens": "8.14.0"
        }
      },
      "Magick.NET.Core": {
        "type": "Transitive",
        "resolved": "14.13.1",
        "contentHash": "BhqOKCLixvj/Ofwe+aRPHqoGdWekvKavsQrivBSuUq0zzzijnIF/OxqVA+GCd6WP46C4PaIfGhR65BPi2M0cKg=="
      },
      "MailKit": {
        "type": "Transitive",
        "resolved": "4.16.0",
        "contentHash": "trJ82DOpAmo8i1jO1vNE+dGn4mPRyeYfy4swRcAGgMJhPoI1Kohf4OFJJf0+YIj4iUxgxPn8W+ht7e7KiYzSjg==",
        "dependencies": {
          "MimeKit": "4.16.0"
        }
      },
      "MediatR.Contracts": {
        "type": "Transitive",
        "resolved": "2.0.1",
        "contentHash": "FYv95bNT4UwcNA+G/J1oX5OpRiSUxteXaUt2BJbRSdRNiIUNbggJF69wy6mnk2wYToaanpdXZdCwVylt96MpwQ=="
      },
      "Microsoft.Agents.AI.Abstractions": {
        "type": "Transitive",
        "resolved": "1.0.0-preview.251009.1",
        "contentHash": "8Bfppenx9ETyhDsJ30Hixy/zf/t2t/vt03+jl7uLd5XgadZo+xQcEYa16ANHUAcJzBH7ou85sSRO8MohNiFgiw==",
        "dependencies": {
          "Microsoft.Extensions.AI.Abstractions": "9.9.1"
        }
      },
      "Microsoft.AspNetCore.SpaServices.Extensions": {
        "type": "Transitive",
        "resolved": "8.0.26",
        "contentHash": "7jpKZCX/XNbe9hyVkMugi2HuG4Z1gm2O9JN9GcIsMC96v1Dl5S2OWj/Qc9Oq8/w4M9kzlCNuKFOI9GMPAvcbgA=="
      },
      "Microsoft.Bcl.AsyncInterfaces": {
        "type": "Transitive",
        "resolved": "10.0.2",
        "contentHash": "qE5JhRoeJbAipLqpUCZyNfNwnpAvUttXgIQDnTiJ15d8ji+/bPgoPkB3xLzK5cQTobN2D2ditUesUlDHb7p3Pg=="
      },
      "Microsoft.Bcl.Cryptography": {
        "type": "Transitive",
        "resolved": "9.0.13",
        "contentHash": "5T+bH3Lb1nEe8Hf/ixMxLmhlrx5wRi53wv7OhVwG2F1ZviW1ejFRS1NHur3uqPpJRGtkQwUchtY6zhVK2R+v+w=="
      },
      "Microsoft.Bcl.HashCode": {
        "type": "Transitive",
        "resolved": "1.1.1",
        "contentHash": "MalY0Y/uM/LjXtHfX/26l2VtN4LDNZ2OE3aumNOHDLsT4fNYy2hiHXI4CXCqKpNUNm7iJ2brrc4J89UdaL56FA=="
      },
      "Microsoft.Data.SqlClient.Extensions.Abstractions": {
        "type": "Transitive",
        "resolved": "1.0.0",
        "contentHash": "rlnxc0KfwDSbE8ZHntFnl8SCgOa9QtJZblMv2zXLhRwl1Je7fsdsVzxSjzzC4JMsfAK+jXJWyezRB8SxUY4BdA==",
        "dependencies": {
          "Microsoft.Data.SqlClient.Internal.Logging": "1.0.0"
        }
      },
      "Microsoft.Data.SqlClient.Internal.Logging": {
        "type": "Transitive",
        "resolved": "1.0.0",
        "contentHash": "Kue/7CF8KNT9zozfr30C94dMZVZml3atqWZvQemSXvTau76tRdypzeKiBKXadqgbOME0UiQIyVTNo5WxCRNVNg=="
      },
      "Microsoft.Data.SqlClient.SNI.runtime": {
        "type": "Transitive",
        "resolved": "6.0.2",
        "contentHash": "f+pRODTWX7Y67jXO3T5S2dIPZ9qMJNySjlZT/TKmWVNWe19N8jcWmHaqHnnchaq3gxEKv1SWVY5EFzOD06l41w=="
      },
      "Microsoft.Extensions.AI": {
        "type": "Transitive",
        "resolved": "10.5.0",
        "contentHash": "UwUYEUqB7v74IYFRzPmjiN0i6JvHFC2P5laO5ZV2LvDRuz84+16XIkMVwT8nKyHJHT2gWOqywiTMC2pa50IrTA==",
        "dependencies": {
          "Microsoft.Extensions.AI.Abstractions": "10.5.0",
          "System.Numerics.Tensors": "10.0.6"
        }
      },
      "Microsoft.Extensions.AI.Abstractions": {
        "type": "Transitive",
        "resolved": "10.5.0",
        "contentHash": "bb2wQ1HGatf5zdBxE28zrN4jaEVmpC+IJYChcqABTfu77YtFcJe/A4ZChjVZ0V1OF+UPYSOY8mUDI/fwEljcIA=="
      },
      "Microsoft.Extensions.AI.OpenAI": {
        "type": "Transitive",
        "resolved": "10.5.0",
        "contentHash": "K1ZTH8waff1pnnDG6kPN07ce2oq4AJKFds4MGmE+EX+f0QYMO316HKSAcCZjrhnisAj+rJ4nSkrG9FjgjTA9nw==",
        "dependencies": {
          "Microsoft.Extensions.AI.Abstractions": "10.5.0",
          "OpenAI": "2.10.0"
        }
      },
      "Microsoft.Extensions.FileProviders.Embedded": {
        "type": "Transitive",
        "resolved": "8.0.26",
        "contentHash": "aDii3fAsoPB9EwrbJgUMdZ48qXYIiJF5VIkRdw9rGBiwo4vZpxDGVgwRk6/bdmzhgQEG8jHlkg8MwIV5K8yFUQ=="
      },
      "Microsoft.Extensions.VectorData.Abstractions": {
        "type": "Transitive",
        "resolved": "10.1.0",
        "contentHash": "I2XfmqEOWOq0Esbo0eWQ6WE5MAJkGyIs057F8ncmPCLJFw9b1IB7Jj5WiFlH6C5YXCAG9Z91QMBD/SkcMLhE7w==",
        "dependencies": {
          "Microsoft.Extensions.AI.Abstractions": "10.4.0"
        }
      },
      "Microsoft.IdentityModel.Abstractions": {
        "type": "Transitive",
        "resolved": "8.16.0",
        "contentHash": "gSxKLWRZzBpIsEoeUPkxfywNCCvRvl7hkq146XHPk5vOQc9izSf1I+uL1vh4y2U19QPxd9Z8K/8AdWyxYz2lSg=="
      },
      "Microsoft.IdentityModel.JsonWebTokens": {
        "type": "Transitive",
        "resolved": "8.16.0",
        "contentHash": "prBU72cIP4V8E9fhN+o/YdskTsLeIcnKPbhZf0X6mD7fdxoZqnS/NdEkSr+9Zp+2q7OZBOMfNBKGbTbhXODO4w==",
        "dependencies": {
          "Microsoft.IdentityModel.Tokens": "8.16.0"
        }
      },
      "Microsoft.IdentityModel.Logging": {
        "type": "Transitive",
        "resolved": "8.16.0",
        "contentHash": "MTzXmETkNQPACR7/XCXM1OGM6oU9RkyibqeJRtO9Ndew2LnGjMf9Atqj2VSf4XC27X0FQycUAlzxxEgQMWn2xQ==",
        "dependencies": {
          "Microsoft.IdentityModel.Abstractions": "8.16.0"
        }
      },
      "Microsoft.IdentityModel.Protocols": {
        "type": "Transitive",
        "resolved": "8.16.0",
        "contentHash": "UFrU7d46UTsPQTa2HIEIpB9H1uJe1BW9FLw5uhEJ2ZuKdur8bcUA/bO5caq5dlBt5gNJeRIB3QQXYNs5fCQCZA==",
        "dependencies": {
          "Microsoft.IdentityModel.Tokens": "8.16.0"
        }
      },
      "Microsoft.IdentityModel.Protocols.OpenIdConnect": {
        "type": "Transitive",
        "resolved": "8.16.0",
        "contentHash": "h4yVXyJsEBBX5lg2G5ftMsi5JzcNEGAzrNphA6DQ6eOd8P0s+cDCOyPwVTYLePZvJL5unbPvYIvzrbTXzFjXnQ==",
        "dependencies": {
          "Microsoft.IdentityModel.Protocols": "8.16.0",
          "System.IdentityModel.Tokens.Jwt": "8.16.0"
        }
      },
      "Microsoft.IdentityModel.Tokens": {
        "type": "Transitive",
        "resolved": "8.16.0",
        "contentHash": "rtViGJcGsN7WcfUNErwNeQgjuU5cJNl6FDQsfi9TncwO+Epzn0FTfBsg3YuFW1Q0Ch/KPxaVdjLw3/+5Z5ceFQ==",
        "dependencies": {
          "Microsoft.IdentityModel.Logging": "8.16.0"
        }
      },
      "Microsoft.SemanticKernel": {
        "type": "Transitive",
        "resolved": "1.75.0",
        "contentHash": "qDUnqxj3wbbM2i9iqcHdEjy3CQA8SdM/iJvb+LCi5ZAaq16H/ILOKfmEF0/YMgO8sRy4rSjF50kIW906uZVeww==",
        "dependencies": {
          "Microsoft.SemanticKernel.Connectors.AzureOpenAI": "1.75.0",
          "Microsoft.SemanticKernel.Core": "1.75.0"
        }
      },
      "Microsoft.SemanticKernel.Abstractions": {
        "type": "Transitive",
        "resolved": "1.75.0",
        "contentHash": "x3JN7Eo9cNoRDYoqbhNmL1jn0VU/Ruv6MC9aARXGf45aBPh2nko4bdrgTN3Lfd5R3Mw1dZHQKTORPlcWbdQssQ==",
        "dependencies": {
          "Microsoft.Bcl.HashCode": "1.1.1",
          "Microsoft.Extensions.AI": "10.5.0",
          "Microsoft.Extensions.VectorData.Abstractions": "10.1.0"
        }
      },
      "Microsoft.SemanticKernel.Agents.Abstractions": {
        "type": "Transitive",
        "resolved": "1.75.0",
        "contentHash": "Lz41lRJxjPHFJ1b20jDvCs6hnWvmAxeHNIVK3ulgLBZZC+BTdTk8u9rERYUsWbOKd4I/fq+ZczZzrO31L5XBUQ==",
        "dependencies": {
          "Microsoft.Agents.AI.Abstractions": "1.0.0-preview.251009.1",
          "Microsoft.SemanticKernel.Abstractions": "1.75.0"
        }
      },
      "Microsoft.SemanticKernel.Agents.Core": {
        "type": "Transitive",
        "resolved": "1.75.0",
        "contentHash": "At8KtCWNt4siwoRfW+Wrs+TstHiguwrPQATL7z+5AANF1mcgKzZ32o4NbDJW1kyD5TBEakIzD90FQb6AuEt2PA==",
        "dependencies": {
          "Microsoft.SemanticKernel.Agents.Abstractions": "1.75.0",
          "Microsoft.SemanticKernel.Core": "1.75.0"
        }
      },
      "Microsoft.SemanticKernel.Connectors.AzureOpenAI": {
        "type": "Transitive",
        "resolved": "1.75.0",
        "contentHash": "GBmvD8YqW0NjLW1JwGqgDXlhVFFQv+fOHWk3YYhnUKks05lDKDIqYw+e5LvaTZJ+7G+C8wsi75qw4gU0BYT9lQ==",
        "dependencies": {
          "Azure.AI.OpenAI": "2.9.0-beta.1",
          "Microsoft.SemanticKernel.Connectors.OpenAI": "1.75.0",
          "Microsoft.SemanticKernel.Core": "1.75.0"
        }
      },
      "Microsoft.SemanticKernel.Connectors.OpenAI": {
        "type": "Transitive",
        "resolved": "1.75.0",
        "contentHash": "PhkZN+dVIx6bBbK/9+KPpeltfUJcwJ0iHH/T3dqI4KjUD6tfbWUMm+GNkiGxv58UIVrG3TLvWeXajm+ElnTcoA==",
        "dependencies": {
          "Microsoft.Extensions.AI.OpenAI": "10.5.0",
          "Microsoft.SemanticKernel.Core": "1.75.0",
          "OpenAI": "2.10.0"
        }
      },
      "Microsoft.SemanticKernel.Core": {
        "type": "Transitive",
        "resolved": "1.75.0",
        "contentHash": "cbQDbHYWU7hvR0j4B4uV9pxj+mL9seZo/130ckdlfbfMGly4mNiYI64DAQ9dF53CM8xt50eBXqmyedYv6DGysg==",
        "dependencies": {
          "Microsoft.SemanticKernel.Abstractions": "1.75.0",
          "System.Numerics.Tensors": "10.0.6"
        }
      },
      "Microsoft.SqlServer.Server": {
        "type": "Transitive",
        "resolved": "1.0.0",
        "contentHash": "N4KeF3cpcm1PUHym1RmakkzfkEv3GRMyofVv40uXsQhCQeglr2OHNcUk2WOG51AKpGO8ynGpo9M/kFXSzghwug=="
      },
      "MimeKit": {
        "type": "Transitive",
        "resolved": "4.16.0",
        "contentHash": "X0LFxeM4gPRIhODyY/HYS9b+zRZ7y//v59rFzgS6wLxcPuZThnMtNZHtrr0fjLyRRkg3gqJBtvW36XfUzZ7Djw==",
        "dependencies": {
          "BouncyCastle.Cryptography": "2.6.2",
          "System.Security.Cryptography.Pkcs": "10.0.0"
        }
      },
      "Mono.Cecil": {
        "type": "Transitive",
        "resolved": "0.11.6",
        "contentHash": "f33RkDtZO8VlGXCtmQIviOtxgnUdym9xx/b1p9h91CRGOsJFxCFOFK1FDbVt1OCf1aWwYejUFa2MOQyFWTFjbA=="
      },
      "Namotion.Reflection": {
        "type": "Transitive",
        "resolved": "3.5.0",
        "contentHash": "FnASiAaTGSmB4SaSroIwnK4ph9noFIXZpPOMezDqWw5S/TNakzSnawPeM7u0Auq1/EqJXeqG4s6UjfrGBH33Ow=="
      },
      "Newtonsoft.Json": {
        "type": "Transitive",
        "resolved": "13.0.4",
        "contentHash": "pdgNNMai3zv51W5aq268sujXUyx7SNdE2bj1wZcWjAQrKMFZV260lbqYop1d2GM67JI1huLRwxo9ZqnfF/lC6A=="
      },
      "NJsonSchema": {
        "type": "Transitive",
        "resolved": "11.6.1",
        "contentHash": "miqvNY4OSXCWVqaMqt0A8VUkij0UH1oPosHMLP+t6/nWNSSzWDPmm7G2DjVW7M9evy0x5DE2pS/DDTtKCpbzSQ==",
        "dependencies": {
          "NJsonSchema.Annotations": "11.6.1",
          "Namotion.Reflection": "3.5.0",
          "Newtonsoft.Json": "13.0.3"
        }
      },
      "NJsonSchema.Annotations": {
        "type": "Transitive",
        "resolved": "11.6.1",
        "contentHash": "WA4z8iK+0SOh2/qoo7rtEanj/LjJZ8oWWoXI8u1xcYMk6VzHONqpabJBYGrzqDO41ld+VQHOFL+B8MXncIVSSA=="
      },
      "OpenAI": {
        "type": "Transitive",
        "resolved": "2.10.0",
        "contentHash": "e5gAhMDcX5bFmmtR+lT6qZxJoaGb0SkIplPUUdKwcC4xerCh471hTIsrvfkou7scfZD9YQk6C06dP3NwBqHw1A==",
        "dependencies": {
          "System.ClientModel": "1.10.0"
        }
      },
      "ReverseMarkdown": {
        "type": "Transitive",
        "resolved": "5.3.0",
        "contentHash": "cVp1mdJen3VFvGpGU2it9PFJCqb1nL9Ny5p6XcT9KgmZQmQs6fR5U/OdBqzck+2gTeYtV4mksDwztVNZ7z+WTA==",
        "dependencies": {
          "HtmlAgilityPack": "1.12.4"
        }
      },
      "System.ClientModel": {
        "type": "Transitive",
        "resolved": "1.10.0",
        "contentHash": "lBEWs54F5Y5pZ9hC+8z4S/X76957ex+DPk7WecRHlbIHtrPfbRMMlOgI3iDn4Jpb3bSxvBnKaaHoD59auFjlBA==",
        "dependencies": {
          "System.Memory.Data": "10.0.3"
        }
      },
      "System.CodeDom": {
        "type": "Transitive",
        "resolved": "8.0.0",
        "contentHash": "WTlRjL6KWIMr/pAaq3rYqh0TJlzpouaQ/W1eelssHgtlwHAH25jXTkUphTYx9HaIIf7XA6qs/0+YhtLEQRkJ+Q=="
      },
      "System.IdentityModel.Tokens.Jwt": {
        "type": "Transitive",
        "resolved": "8.16.0",
        "contentHash": "rrs2u7DRMXQG2yh0oVyF/vLwosfRv20Ld2iEpYcKwQWXHjfV+gFXNQsQ9p008kR9Ou4pxBs68Q6/9zC8Gi1wjg==",
        "dependencies": {
          "Microsoft.IdentityModel.JsonWebTokens": "8.16.0",
          "Microsoft.IdentityModel.Tokens": "8.16.0"
        }
      },
      "System.Interactive.Async": {
        "type": "Transitive",
        "resolved": "7.0.1",
        "contentHash": "oL1iox7sAJL8i+muGzVMQjDB0axQgOoT5CkwYdap8cQJMkWDWMRErNqhOcZkn31+aKr/uCfgMEdhUARCU4G7gg=="
      },
      "System.IO.Hashing": {
        "type": "Transitive",
        "resolved": "10.0.7",
        "contentHash": "6hsjdSr4VOXSOnhALkYplHpAxnTG1J33YN42IB6nH2fEg4QnJqrZ4Ft+qn7mkrKAOYC8pCSFYwVWw6rQbmwgLQ=="
      },
      "System.Memory.Data": {
        "type": "Transitive",
        "resolved": "10.0.3",
        "contentHash": "MaGhRfGunmrj/nHjtsi9XkhlYJ/ERGWrbA+BiSKNtGnAjc9XlG5EhAvak6VRcX5LYzPF6pBO8nJ613dTgzabig=="
      },
      "System.Numerics.Tensors": {
        "type": "Transitive",
        "resolved": "10.0.6",
        "contentHash": "DOZ8Z8CxHVWU8gSo4ZQ8sCAPIQb+agp56ISuMiu39WWZiV+reZwn9NM1tj4lRDfqLaOAinF6zTi0csmFBQes9Q=="
      },
      "System.Security.Cryptography.Pkcs": {
        "type": "Transitive",
        "resolved": "10.0.0",
        "contentHash": "UPWqLSygJlFerRi9XNIuM0a1VC8gHUIufyP24xQ0sc+XimqUAEcjpOz9DhKpyDjH+5B/wO3RpC0KpkEeDj/ddg=="
      },
      "System.Security.Cryptography.ProtectedData": {
        "type": "Transitive",
        "resolved": "9.0.13",
        "contentHash": "t8S9IDpjJKsLpLkeBdW8cWtcPyYqrGu93Dej1RO6WwuL/lkFSqWlan3rMJfortqz1mRIh+sys2AFsSA6jWJ3Jg=="
      },
      "Yarp.ReverseProxy": {
        "type": "Transitive",
        "resolved": "2.3.0",
        "contentHash": "gxtkN3a+9biu9V9Zd5NaTO6VZWXAnS2mhQ0R/VXmSPoTuiQNZsakKikrKpDtKxrL5nUYzbRsHtl40WNq+ZBKKg==",
        "dependencies": {
          "System.IO.Hashing": "8.0.0"
        }
      },
      "kentico.community.portal.core": {
        "type": "Project",
        "dependencies": {
          "CSharpFunctionalExtensions": "[3.7.0, )",
          "Enums.NET": "[5.0.0, )",
          "Kentico.Xperience.WebApp": "[31.5.1, )",
          "Magick.NET-Q8-AnyCPU": "[14.13.1, )",
          "Mediatr": "[12.5.0, )",
          "System.Linq.Async": "[7.0.1, )"
        }
      },
      "AngleSharp": {
        "type": "CentralTransitive",
        "requested": "[1.4.0, )",
        "resolved": "0.17.1",
        "contentHash": "5MPI4bbixlwxb0W/smOMeIR+QlxMy5/5jD+WnIAw4pBC+7AhLPe5bS3cLgQMJyvd6q0A48sG+uYOt/ep406GLA=="
      },
      "CSharpFunctionalExtensions": {
        "type": "CentralTransitive",
        "requested": "[3.7.0, )",
        "resolved": "3.7.0",
        "contentHash": "eMZp8tc88O96eEFutiIskF3LE8lFY3fjbNRGfNa1ca0CD9sB8A00r5ltyYDih/7UFdJdVbhVq7tGeHI8xj6DlQ=="
      },
      "Enums.NET": {
        "type": "CentralTransitive",
        "requested": "[5.0.0, )",
        "resolved": "5.0.0",
        "contentHash": "NfGq1iLJZ15XZPgBhjk4Ns1XZ+beaGk6cog6B4LxcROdGoSMdgCJqYXF70P6VTd3dz/vFRY4h1u1lAMqW/DC2w=="
      },
      "Kentico.Xperience.Core": {
        "type": "CentralTransitive",
        "requested": "[31.5.1, )",
        "resolved": "31.5.1",
        "contentHash": "B+syZSMPr9MbLTk1RRvgJz4bR6kt6zddCQu10pM8p65u11te6cNn/d/RRCsgKo6iEIVYooaoSvOD36nwGLmZSw==",
        "dependencies": {
          "AngleSharp": "0.17.1",
          "Kentico.Aira.Client": "6.1.0",
          "Magick.NET-Q8-AnyCPU": "14.13.0",
          "MailKit": "4.16.0",
          "Microsoft.Data.SqlClient": "7.0.0",
          "Mono.Cecil": "0.11.6",
          "Newtonsoft.Json": "13.0.4",
          "ReverseMarkdown": "5.3.0",
          "System.CodeDom": "8.0.0",
          "System.IO.Hashing": "10.0.7"
        }
      },
      "Kentico.Xperience.WebApp": {
        "type": "CentralTransitive",
        "requested": "[31.5.1, )",
        "resolved": "31.5.1",
        "contentHash": "EY6UVqB+PGzkG9FyiY3Eile2ziJEGqSk6KlkTRwrTNYLC++ck3sq1F4fGH2IURnaDH262YWh8N/4DCSuaNz0Pg==",
        "dependencies": {
          "CommandLineParser": "2.9.1",
          "HotChocolate.AspNetCore": "15.1.16",
          "HotChocolate.Data": "15.1.16",
          "HtmlSanitizer": "9.0.892",
          "Kentico.Xperience.Core": "[31.5.1]",
          "Microsoft.Extensions.FileProviders.Embedded": "8.0.26"
        }
      },
      "MediatR": {
        "type": "CentralTransitive",
        "requested": "[12.5.0, )",
        "resolved": "12.5.0",
        "contentHash": "vqm2H8/nqL5NAJHPhsG1JOPwfkmbVrPyh4svdoRzu+uZh6Ex7PRoHBGsLYC0/RWCEJFqD1ohHNpteQvql9OktA==",
        "dependencies": {
          "MediatR.Contracts": "[2.0.1, 3.0.0)"
        }
      },
      "Microsoft.Data.SqlClient": {
        "type": "CentralTransitive",
        "requested": "[7.0.1, )",
        "resolved": "7.0.0",
        "contentHash": "/oolEwtHuDtpLKU8OItOTTxVJalgPtIkcNBwzXJ3YGyrkOAvLYqMtin9Z1jxqryJpds3PjuZBF5iKIYVVYVSvQ==",
        "dependencies": {
          "Microsoft.Bcl.Cryptography": "9.0.13",
          "Microsoft.Data.SqlClient.Extensions.Abstractions": "1.0.0",
          "Microsoft.Data.SqlClient.Internal.Logging": "1.0.0",
          "Microsoft.Data.SqlClient.SNI.runtime": "6.0.2",
          "Microsoft.IdentityModel.JsonWebTokens": "8.16.0",
          "Microsoft.IdentityModel.Protocols.OpenIdConnect": "8.16.0",
          "Microsoft.SqlServer.Server": "1.0.0",
          "System.Configuration.ConfigurationManager": "9.0.13",
          "System.Security.Cryptography.Pkcs": "9.0.13"
        }
      },
      "System.Configuration.ConfigurationManager": {
        "type": "CentralTransitive",
        "requested": "[10.0.8, )",
        "resolved": "9.0.13",
        "contentHash": "GbBrJq9S/gYpHzm7Pxx6Y5tDyfSfyxW6tlP5oiKJV38uf19Wp+GIIAnWfyL1zmNiz1+EjwVapw2WkBFvvqKQzg==",
        "dependencies": {
          "System.Security.Cryptography.ProtectedData": "9.0.13"
        }
      },
      "System.Linq.Async": {
        "type": "CentralTransitive",
        "requested": "[7.0.1, )",
        "resolved": "7.0.1",
        "contentHash": "gwQtBHVY/WgqWgAYSe4JspXR+f1FvMbVIW4ixsJpGV/Kj8Nun3zp1ajIdvCWfmac8ektJGVLiJ/OR8JU9nZnMg==",
        "dependencies": {
          "System.Interactive.Async": "7.0.1"
        }
      }
    }
  }
}